// !$*UTF8*$!
{
	archiveVersion = 1;
	classes = {
	};
	objectVersion = 55;
	objects = {

/* Begin PBXBuildFile section */
		120363132865E20200636EBD /* Plain将棋盤App.swift in CopyFiles */ = {isa = PBXBuildFile; fileRef = 128D156A280FE47E003FF480 /* Plain将棋盤App.swift */; };
		120363142865E20200636EBD /* ContentView.swift in CopyFiles */ = {isa = PBXBuildFile; fileRef = 128D156C280FE47E003FF480 /* ContentView.swift */; };
		120363152865E20200636EBD /* 📱AppModel.swift in CopyFiles */ = {isa = PBXBuildFile; fileRef = 128D1578280FE4E4003FF480 /* 📱AppModel.swift */; };
		120363162865E20700636EBD /* 型Type.swift in CopyFiles */ = {isa = PBXBuildFile; fileRef = 126C18F22816460F002CD046 /* 型Type.swift */; };
		120363172865E20C00636EBD /* 🛠MenuButton.swift in CopyFiles */ = {isa = PBXBuildFile; fileRef = 12D436922865CD5E00B707F5 /* 🛠MenuButton.swift */; };
		120363182865E20C00636EBD /* 🛠MenuSheet.swift in CopyFiles */ = {isa = PBXBuildFile; fileRef = 12D4368C2865CD5E00B707F5 /* 🛠MenuSheet.swift */; };
		120363192865E21400636EBD /* 📄InformationMenu.swift in CopyFiles */ = {isa = PBXBuildFile; fileRef = 12D436902865CD5E00B707F5 /* 📄InformationMenu.swift */; };
		1203631A2865E21400636EBD /* 📄AppDescription.swift in CopyFiles */ = {isa = PBXBuildFile; fileRef = 12D4368F2865CD5E00B707F5 /* 📄AppDescription.swift */; };
		1203631B2865E21400636EBD /* 🏷VersionSection.swift in CopyFiles */ = {isa = PBXBuildFile; fileRef = 12D436912865CD5E00B707F5 /* 🏷VersionSection.swift */; };
		1203631C2865E21400636EBD /* 📓SourceCodeMenu.swift in CopyFiles */ = {isa = PBXBuildFile; fileRef = 12D4368E2865CD5E00B707F5 /* 📓SourceCodeMenu.swift */; };
		1203631D2865E21900636EBD /* 📣ADMenu.swift in CopyFiles */ = {isa = PBXBuildFile; fileRef = 12D436A12865CD8400B707F5 /* 📣ADMenu.swift */; };
		1203631E2865E21900636EBD /* 📣ADView.swift in CopyFiles */ = {isa = PBXBuildFile; fileRef = 12D4369F2865CD8400B707F5 /* 📣ADView.swift */; };
		1203631F2865E21900636EBD /* 📣AppName.swift in CopyFiles */ = {isa = PBXBuildFile; fileRef = 12D436A02865CD8400B707F5 /* 📣AppName.swift */; };
		120363202865E21900636EBD /* 📣ADBanner.swift in CopyFiles */ = {isa = PBXBuildFile; fileRef = 12D436A22865CD8400B707F5 /* 📣ADBanner.swift */; };
		120363212865E22000636EBD /* 🛒PurchaseSection.swift in CopyFiles */ = {isa = PBXBuildFile; fileRef = 12D4369B2865CD8300B707F5 /* 🛒PurchaseSection.swift */; };
		120363222865E22000636EBD /* 🛒StoreModel.swift in CopyFiles */ = {isa = PBXBuildFile; fileRef = 12D4369D2865CD8300B707F5 /* 🛒StoreModel.swift */; };
		124B75552810CD6D00027DCA /* Localizable.strings in Resources */ = {isa = PBXBuildFile; fileRef = 124B75572810CD6D00027DCA /* Localizable.strings */; };
		126C18F32816460F002CD046 /* 型Type.swift in Sources */ = {isa = PBXBuildFile; fileRef = 126C18F22816460F002CD046 /* 型Type.swift */; };
		128D156B280FE47E003FF480 /* Plain将棋盤App.swift in Sources */ = {isa = PBXBuildFile; fileRef = 128D156A280FE47E003FF480 /* Plain将棋盤App.swift */; };
		128D156D280FE47E003FF480 /* ContentView.swift in Sources */ = {isa = PBXBuildFile; fileRef = 128D156C280FE47E003FF480 /* ContentView.swift */; };
		128D156F280FE47F003FF480 /* Assets.xcassets in Resources */ = {isa = PBXBuildFile; fileRef = 128D156E280FE47F003FF480 /* Assets.xcassets */; };
		128D1572280FE47F003FF480 /* Preview Assets.xcassets in Resources */ = {isa = PBXBuildFile; fileRef = 128D1571280FE47F003FF480 /* Preview Assets.xcassets */; };
		128D1579280FE4E4003FF480 /* 📱AppModel.swift in Sources */ = {isa = PBXBuildFile; fileRef = 128D1578280FE4E4003FF480 /* 📱AppModel.swift */; };
		12D436932865CD5E00B707F5 /* 🛠MenuSheet.swift in Sources */ = {isa = PBXBuildFile; fileRef = 12D4368C2865CD5E00B707F5 /* 🛠MenuSheet.swift */; };
		12D436942865CD5E00B707F5 /* 📓SourceCodeMenu.swift in Sources */ = {isa = PBXBuildFile; fileRef = 12D4368E2865CD5E00B707F5 /* 📓SourceCodeMenu.swift */; };
		12D436952865CD5E00B707F5 /* 📄AppDescription.swift in Sources */ = {isa = PBXBuildFile; fileRef = 12D4368F2865CD5E00B707F5 /* 📄AppDescription.swift */; };
		12D436962865CD5E00B707F5 /* 📄InformationMenu.swift in Sources */ = {isa = PBXBuildFile; fileRef = 12D436902865CD5E00B707F5 /* 📄InformationMenu.swift */; };
		12D436972865CD5E00B707F5 /* 🏷VersionSection.swift in Sources */ = {isa = PBXBuildFile; fileRef = 12D436912865CD5E00B707F5 /* 🏷VersionSection.swift */; };
		12D436982865CD5E00B707F5 /* 🛠MenuButton.swift in Sources */ = {isa = PBXBuildFile; fileRef = 12D436922865CD5E00B707F5 /* 🛠MenuButton.swift */; };
		12D436A32865CD8400B707F5 /* 🛒PurchaseSection.swift in Sources */ = {isa = PBXBuildFile; fileRef = 12D4369B2865CD8300B707F5 /* 🛒PurchaseSection.swift */; };
		12D436A42865CD8400B707F5 /* Configuration.storekit in Resources */ = {isa = PBXBuildFile; fileRef = 12D4369C2865CD8300B707F5 /* Configuration.storekit */; };
		12D436A52865CD8400B707F5 /* 🛒StoreModel.swift in Sources */ = {isa = PBXBuildFile; fileRef = 12D4369D2865CD8300B707F5 /* 🛒StoreModel.swift */; };
		12D436A62865CD8400B707F5 /* 📣ADView.swift in Sources */ = {isa = PBXBuildFile; fileRef = 12D4369F2865CD8400B707F5 /* 📣ADView.swift */; };
		12D436A72865CD8400B707F5 /* 📣AppName.swift in Sources */ = {isa = PBXBuildFile; fileRef = 12D436A02865CD8400B707F5 /* 📣AppName.swift */; };
		12D436A82865CD8400B707F5 /* 📣ADMenu.swift in Sources */ = {isa = PBXBuildFile; fileRef = 12D436A12865CD8400B707F5 /* 📣ADMenu.swift */; };
		12D436A92865CD8400B707F5 /* 📣ADBanner.swift in Sources */ = {isa = PBXBuildFile; fileRef = 12D436A22865CD8400B707F5 /* 📣ADBanner.swift */; };
/* End PBXBuildFile section */

/* Begin PBXCopyFilesBuildPhase section */
		1203630D2865E1B400636EBD /* CopyFiles */ = {
			isa = PBXCopyFilesBuildPhase;
			buildActionMask = 2147483647;
			dstPath = main;
			dstSubfolderSpec = 7;
			files = (
				120363132865E20200636EBD /* Plain将棋盤App.swift in CopyFiles */,
				120363142865E20200636EBD /* ContentView.swift in CopyFiles */,
				120363152865E20200636EBD /* 📱AppModel.swift in CopyFiles */,
			);
			runOnlyForDeploymentPostprocessing = 0;
		};
		1203630E2865E1B600636EBD /* CopyFiles */ = {
			isa = PBXCopyFilesBuildPhase;
			buildActionMask = 2147483647;
			dstPath = "🧩Sub";
			dstSubfolderSpec = 7;
			files = (
				120363162865E20700636EBD /* 型Type.swift in CopyFiles */,
			);
			runOnlyForDeploymentPostprocessing = 0;
		};
		1203630F2865E1B800636EBD /* CopyFiles */ = {
			isa = PBXCopyFilesBuildPhase;
			buildActionMask = 2147483647;
			dstPath = "🛠Menu";
			dstSubfolderSpec = 7;
			files = (
				120363172865E20C00636EBD /* 🛠MenuButton.swift in CopyFiles */,
				120363182865E20C00636EBD /* 🛠MenuSheet.swift in CopyFiles */,
			);
			runOnlyForDeploymentPostprocessing = 0;
		};
		120363102865E1B900636EBD /* CopyFiles */ = {
			isa = PBXCopyFilesBuildPhase;
			buildActionMask = 2147483647;
			dstPath = "📄Information";
			dstSubfolderSpec = 7;
			files = (
				120363192865E21400636EBD /* 📄InformationMenu.swift in CopyFiles */,
				1203631A2865E21400636EBD /* 📄AppDescription.swift in CopyFiles */,
				1203631B2865E21400636EBD /* 🏷VersionSection.swift in CopyFiles */,
				1203631C2865E21400636EBD /* 📓SourceCodeMenu.swift in CopyFiles */,
			);
			runOnlyForDeploymentPostprocessing = 0;
		};
		120363112865E1C900636EBD /* CopyFiles */ = {
			isa = PBXCopyFilesBuildPhase;
			buildActionMask = 2147483647;
			dstPath = "📣AD";
			dstSubfolderSpec = 7;
			files = (
				1203631D2865E21900636EBD /* 📣ADMenu.swift in CopyFiles */,
				1203631E2865E21900636EBD /* 📣ADView.swift in CopyFiles */,
				1203631F2865E21900636EBD /* 📣AppName.swift in CopyFiles */,
				120363202865E21900636EBD /* 📣ADBanner.swift in CopyFiles */,
			);
			runOnlyForDeploymentPostprocessing = 0;
		};
		120363122865E1CB00636EBD /* CopyFiles */ = {
			isa = PBXCopyFilesBuildPhase;
			buildActionMask = 2147483647;
			dstPath = "🛒InAppPurchase";
			dstSubfolderSpec = 7;
			files = (
				120363212865E22000636EBD /* 🛒PurchaseSection.swift in CopyFiles */,
				120363222865E22000636EBD /* 🛒StoreModel.swift in CopyFiles */,
			);
			runOnlyForDeploymentPostprocessing = 0;
		};
/* End PBXCopyFilesBuildPhase section */

/* Begin PBXFileReference section */
		124B75562810CD6D00027DCA /* en */ = {isa = PBXFileReference; lastKnownFileType = text.plist.strings; name = en; path = en.lproj/Localizable.strings; sourceTree = "<group>"; };
		124B75582810CD8100027DCA /* ja */ = {isa = PBXFileReference; lastKnownFileType = text.plist.strings; name = ja; path = ja.lproj/Localizable.strings; sourceTree = "<group>"; };
		126C18F22816460F002CD046 /* 型Type.swift */ = {isa = PBXFileReference; lastKnownFileType = sourcecode.swift; path = "型Type.swift"; sourceTree = "<group>"; };
		128D1567280FE47E003FF480 /* 将棋盤.app */ = {isa = PBXFileReference; explicitFileType = wrapper.application; includeInIndex = 0; path = "将棋盤.app"; sourceTree = BUILT_PRODUCTS_DIR; };
		128D156A280FE47E003FF480 /* Plain将棋盤App.swift */ = {isa = PBXFileReference; lastKnownFileType = sourcecode.swift; path = "Plain将棋盤App.swift"; sourceTree = "<group>"; };
		128D156C280FE47E003FF480 /* ContentView.swift */ = {isa = PBXFileReference; lastKnownFileType = sourcecode.swift; path = ContentView.swift; sourceTree = "<group>"; };
		128D156E280FE47F003FF480 /* Assets.xcassets */ = {isa = PBXFileReference; lastKnownFileType = folder.assetcatalog; path = Assets.xcassets; sourceTree = "<group>"; };
		128D1571280FE47F003FF480 /* Preview Assets.xcassets */ = {isa = PBXFileReference; lastKnownFileType = folder.assetcatalog; path = "Preview Assets.xcassets"; sourceTree = "<group>"; };
		128D1578280FE4E4003FF480 /* 📱AppModel.swift */ = {isa = PBXFileReference; lastKnownFileType = sourcecode.swift; path = "📱AppModel.swift"; sourceTree = "<group>"; };
		12A9251B28669FA20035DC83 /* Info.plist */ = {isa = PBXFileReference; lastKnownFileType = text.plist; path = Info.plist; sourceTree = "<group>"; };
		12D198532810DD6500CE6578 /* README.md */ = {isa = PBXFileReference; lastKnownFileType = net.daringfireball.markdown; path = README.md; sourceTree = "<group>"; };
		12D4368C2865CD5E00B707F5 /* 🛠MenuSheet.swift */ = {isa = PBXFileReference; fileEncoding = 4; lastKnownFileType = sourcecode.swift; path = "🛠MenuSheet.swift"; sourceTree = "<group>"; };
		12D4368E2865CD5E00B707F5 /* 📓SourceCodeMenu.swift */ = {isa = PBXFileReference; fileEncoding = 4; lastKnownFileType = sourcecode.swift; path = "📓SourceCodeMenu.swift"; sourceTree = "<group>"; };
		12D4368F2865CD5E00B707F5 /* 📄AppDescription.swift */ = {isa = PBXFileReference; fileEncoding = 4; lastKnownFileType = sourcecode.swift; path = "📄AppDescription.swift"; sourceTree = "<group>"; };
		12D436902865CD5E00B707F5 /* 📄InformationMenu.swift */ = {isa = PBXFileReference; fileEncoding = 4; lastKnownFileType = sourcecode.swift; path = "📄InformationMenu.swift"; sourceTree = "<group>"; };
		12D436912865CD5E00B707F5 /* 🏷VersionSection.swift */ = {isa = PBXFileReference; fileEncoding = 4; lastKnownFileType = sourcecode.swift; path = "🏷VersionSection.swift"; sourceTree = "<group>"; };
		12D436922865CD5E00B707F5 /* 🛠MenuButton.swift */ = {isa = PBXFileReference; fileEncoding = 4; lastKnownFileType = sourcecode.swift; path = "🛠MenuButton.swift"; sourceTree = "<group>"; };
		12D4369B2865CD8300B707F5 /* 🛒PurchaseSection.swift */ = {isa = PBXFileReference; fileEncoding = 4; lastKnownFileType = sourcecode.swift; path = "🛒PurchaseSection.swift"; sourceTree = "<group>"; };
		12D4369C2865CD8300B707F5 /* Configuration.storekit */ = {isa = PBXFileReference; fileEncoding = 4; lastKnownFileType = text; path = Configuration.storekit; sourceTree = "<group>"; };
		12D4369D2865CD8300B707F5 /* 🛒StoreModel.swift */ = {isa = PBXFileReference; fileEncoding = 4; lastKnownFileType = sourcecode.swift; path = "🛒StoreModel.swift"; sourceTree = "<group>"; };
		12D4369F2865CD8400B707F5 /* 📣ADView.swift */ = {isa = PBXFileReference; fileEncoding = 4; lastKnownFileType = sourcecode.swift; path = "📣ADView.swift"; sourceTree = "<group>"; };
		12D436A02865CD8400B707F5 /* 📣AppName.swift */ = {isa = PBXFileReference; fileEncoding = 4; lastKnownFileType = sourcecode.swift; path = "📣AppName.swift"; sourceTree = "<group>"; };
		12D436A12865CD8400B707F5 /* 📣ADMenu.swift */ = {isa = PBXFileReference; fileEncoding = 4; lastKnownFileType = sourcecode.swift; path = "📣ADMenu.swift"; sourceTree = "<group>"; };
		12D436A22865CD8400B707F5 /* 📣ADBanner.swift */ = {isa = PBXFileReference; fileEncoding = 4; lastKnownFileType = sourcecode.swift; path = "📣ADBanner.swift"; sourceTree = "<group>"; };
/* End PBXFileReference section */

/* Begin PBXFrameworksBuildPhase section */
		128D1564280FE47E003FF480 /* Frameworks */ = {
			isa = PBXFrameworksBuildPhase;
			buildActionMask = 2147483647;
			files = (
			);
			runOnlyForDeploymentPostprocessing = 0;
		};
/* End PBXFrameworksBuildPhase section */

/* Begin PBXGroup section */
		128D155E280FE47E003FF480 = {
			isa = PBXGroup;
			children = (
				12D198532810DD6500CE6578 /* README.md */,
				128D1569280FE47E003FF480 /* PlainShougi */,
				128D1568280FE47E003FF480 /* Products */,
			);
			sourceTree = "<group>";
		};
		128D1568280FE47E003FF480 /* Products */ = {
			isa = PBXGroup;
			children = (
				128D1567280FE47E003FF480 /* 将棋盤.app */,
			);
			name = Products;
			sourceTree = "<group>";
		};
		128D1569280FE47E003FF480 /* PlainShougi */ = {
			isa = PBXGroup;
			children = (
				12A9251B28669FA20035DC83 /* Info.plist */,
				128D156A280FE47E003FF480 /* Plain将棋盤App.swift */,
				128D156C280FE47E003FF480 /* ContentView.swift */,
				128D1578280FE4E4003FF480 /* 📱AppModel.swift */,
				12D436992865CD6D00B707F5 /* 🧩Sub */,
				12D4368B2865CD5E00B707F5 /* 🛠Menu */,
				124B75572810CD6D00027DCA /* Localizable.strings */,
				128D156E280FE47F003FF480 /* Assets.xcassets */,
				128D1570280FE47F003FF480 /* Preview Content */,
			);
			path = PlainShougi;
			sourceTree = "<group>";
		};
		128D1570280FE47F003FF480 /* Preview Content */ = {
			isa = PBXGroup;
			children = (
				128D1571280FE47F003FF480 /* Preview Assets.xcassets */,
			);
			path = "Preview Content";
			sourceTree = "<group>";
		};
		12D4368B2865CD5E00B707F5 /* 🛠Menu */ = {
			isa = PBXGroup;
			children = (
				12D436922865CD5E00B707F5 /* 🛠MenuButton.swift */,
				12D4368C2865CD5E00B707F5 /* 🛠MenuSheet.swift */,
				12D4368D2865CD5E00B707F5 /* 📄Information */,
			);
			path = "🛠Menu";
			sourceTree = "<group>";
		};
		12D4368D2865CD5E00B707F5 /* 📄Information */ = {
			isa = PBXGroup;
			children = (
				12D436902865CD5E00B707F5 /* 📄InformationMenu.swift */,
				12D4368F2865CD5E00B707F5 /* 📄AppDescription.swift */,
				12D436912865CD5E00B707F5 /* 🏷VersionSection.swift */,
				12D4368E2865CD5E00B707F5 /* 📓SourceCodeMenu.swift */,
			);
			path = "📄Information";
			sourceTree = "<group>";
		};
		12D436992865CD6D00B707F5 /* 🧩Sub */ = {
			isa = PBXGroup;
			children = (
				126C18F22816460F002CD046 /* 型Type.swift */,
				12D4369E2865CD8400B707F5 /* 📣AD */,
				12D4369A2865CD8300B707F5 /* 🛒InAppPurchase */,
			);
			path = "🧩Sub";
			sourceTree = "<group>";
		};
		12D4369A2865CD8300B707F5 /* 🛒InAppPurchase */ = {
			isa = PBXGroup;
			children = (
				12D4369B2865CD8300B707F5 /* 🛒PurchaseSection.swift */,
				12D4369D2865CD8300B707F5 /* 🛒StoreModel.swift */,
				12D4369C2865CD8300B707F5 /* Configuration.storekit */,
			);
			path = "🛒InAppPurchase";
			sourceTree = "<group>";
		};
		12D4369E2865CD8400B707F5 /* 📣AD */ = {
			isa = PBXGroup;
			children = (
				12D436A12865CD8400B707F5 /* 📣ADMenu.swift */,
				12D4369F2865CD8400B707F5 /* 📣ADView.swift */,
				12D436A02865CD8400B707F5 /* 📣AppName.swift */,
				12D436A22865CD8400B707F5 /* 📣ADBanner.swift */,
			);
			path = "📣AD";
			sourceTree = "<group>";
		};
/* End PBXGroup section */

/* Begin PBXNativeTarget section */
		128D1566280FE47E003FF480 /* PlainShougi */ = {
			isa = PBXNativeTarget;
			buildConfigurationList = 128D1575280FE47F003FF480 /* Build configuration list for PBXNativeTarget "PlainShougi" */;
			buildPhases = (
				128D1563280FE47E003FF480 /* Sources */,
				128D1564280FE47E003FF480 /* Frameworks */,
				128D1565280FE47E003FF480 /* Resources */,
				1203630D2865E1B400636EBD /* CopyFiles */,
				1203630E2865E1B600636EBD /* CopyFiles */,
				1203630F2865E1B800636EBD /* CopyFiles */,
				120363102865E1B900636EBD /* CopyFiles */,
				120363112865E1C900636EBD /* CopyFiles */,
				120363122865E1CB00636EBD /* CopyFiles */,
			);
			buildRules = (
			);
			dependencies = (
			);
			name = PlainShougi;
			productName = PlainShougi;
			productReference = 128D1567280FE47E003FF480 /* 将棋盤.app */;
			productType = "com.apple.product-type.application";
		};
/* End PBXNativeTarget section */

/* Begin PBXProject section */
		128D155F280FE47E003FF480 /* Project object */ = {
			isa = PBXProject;
			attributes = {
				BuildIndependentTargetsInParallel = 1;
				LastSwiftUpdateCheck = 1330;
				LastUpgradeCheck = 1340;
				TargetAttributes = {
					128D1566280FE47E003FF480 = {
						CreatedOnToolsVersion = 13.3;
					};
				};
			};
			buildConfigurationList = 128D1562280FE47E003FF480 /* Build configuration list for PBXProject "PlainShougi" */;
			compatibilityVersion = "Xcode 13.0";
			developmentRegion = en;
			hasScannedForEncodings = 0;
			knownRegions = (
				en,
				Base,
				ja,
			);
			mainGroup = 128D155E280FE47E003FF480;
			productRefGroup = 128D1568280FE47E003FF480 /* Products */;
			projectDirPath = "";
			projectRoot = "";
			targets = (
				128D1566280FE47E003FF480 /* PlainShougi */,
			);
		};
/* End PBXProject section */

/* Begin PBXResourcesBuildPhase section */
		128D1565280FE47E003FF480 /* Resources */ = {
			isa = PBXResourcesBuildPhase;
			buildActionMask = 2147483647;
			files = (
				128D1572280FE47F003FF480 /* Preview Assets.xcassets in Resources */,
				12D436A42865CD8400B707F5 /* Configuration.storekit in Resources */,
				124B75552810CD6D00027DCA /* Localizable.strings in Resources */,
				128D156F280FE47F003FF480 /* Assets.xcassets in Resources */,
			);
			runOnlyForDeploymentPostprocessing = 0;
		};
/* End PBXResourcesBuildPhase section */

/* Begin PBXSourcesBuildPhase section */
		128D1563280FE47E003FF480 /* Sources */ = {
			isa = PBXSourcesBuildPhase;
			buildActionMask = 2147483647;
			files = (
				128D156D280FE47E003FF480 /* ContentView.swift in Sources */,
				12D436982865CD5E00B707F5 /* 🛠MenuButton.swift in Sources */,
				12D436A52865CD8400B707F5 /* 🛒StoreModel.swift in Sources */,
				12D436A92865CD8400B707F5 /* 📣ADBanner.swift in Sources */,
				128D156B280FE47E003FF480 /* Plain将棋盤App.swift in Sources */,
				126C18F32816460F002CD046 /* 型Type.swift in Sources */,
				12D436A72865CD8400B707F5 /* 📣AppName.swift in Sources */,
				128D1579280FE4E4003FF480 /* 📱AppModel.swift in Sources */,
				12D436A62865CD8400B707F5 /* 📣ADView.swift in Sources */,
				12D436A82865CD8400B707F5 /* 📣ADMenu.swift in Sources */,
				12D436972865CD5E00B707F5 /* 🏷VersionSection.swift in Sources */,
				12D436A32865CD8400B707F5 /* 🛒PurchaseSection.swift in Sources */,
				12D436932865CD5E00B707F5 /* 🛠MenuSheet.swift in Sources */,
				12D436942865CD5E00B707F5 /* 📓SourceCodeMenu.swift in Sources */,
				12D436952865CD5E00B707F5 /* 📄AppDescription.swift in Sources */,
				12D436962865CD5E00B707F5 /* 📄InformationMenu.swift in Sources */,
			);
			runOnlyForDeploymentPostprocessing = 0;
		};
/* End PBXSourcesBuildPhase section */

/* Begin PBXVariantGroup section */
		124B75572810CD6D00027DCA /* Localizable.strings */ = {
			isa = PBXVariantGroup;
			children = (
				124B75562810CD6D00027DCA /* en */,
				124B75582810CD8100027DCA /* ja */,
			);
			name = Localizable.strings;
			sourceTree = "<group>";
		};
/* End PBXVariantGroup section */

/* Begin XCBuildConfiguration section */
		128D1573280FE47F003FF480 /* Debug */ = {
			isa = XCBuildConfiguration;
			buildSettings = {
				ALWAYS_SEARCH_USER_PATHS = NO;
				CLANG_ANALYZER_LOCALIZABILITY_NONLOCALIZED = YES;
				CLANG_ANALYZER_NONNULL = YES;
				CLANG_ANALYZER_NUMBER_OBJECT_CONVERSION = YES_AGGRESSIVE;
				CLANG_CXX_LANGUAGE_STANDARD = "gnu++17";
				CLANG_ENABLE_MODULES = YES;
				CLANG_ENABLE_OBJC_ARC = YES;
				CLANG_ENABLE_OBJC_WEAK = YES;
				CLANG_WARN_BLOCK_CAPTURE_AUTORELEASING = YES;
				CLANG_WARN_BOOL_CONVERSION = YES;
				CLANG_WARN_COMMA = YES;
				CLANG_WARN_CONSTANT_CONVERSION = YES;
				CLANG_WARN_DEPRECATED_OBJC_IMPLEMENTATIONS = YES;
				CLANG_WARN_DIRECT_OBJC_ISA_USAGE = YES_ERROR;
				CLANG_WARN_DOCUMENTATION_COMMENTS = YES;
				CLANG_WARN_EMPTY_BODY = YES;
				CLANG_WARN_ENUM_CONVERSION = YES;
				CLANG_WARN_INFINITE_RECURSION = YES;
				CLANG_WARN_INT_CONVERSION = YES;
				CLANG_WARN_NON_LITERAL_NULL_CONVERSION = YES;
				CLANG_WARN_OBJC_IMPLICIT_RETAIN_SELF = YES;
				CLANG_WARN_OBJC_LITERAL_CONVERSION = YES;
				CLANG_WARN_OBJC_ROOT_CLASS = YES_ERROR;
				CLANG_WARN_QUOTED_INCLUDE_IN_FRAMEWORK_HEADER = YES;
				CLANG_WARN_RANGE_LOOP_ANALYSIS = YES;
				CLANG_WARN_STRICT_PROTOTYPES = YES;
				CLANG_WARN_SUSPICIOUS_MOVE = YES;
				CLANG_WARN_UNGUARDED_AVAILABILITY = YES_AGGRESSIVE;
				CLANG_WARN_UNREACHABLE_CODE = YES;
				CLANG_WARN__DUPLICATE_METHOD_MATCH = YES;
				COPY_PHASE_STRIP = NO;
				DEBUG_INFORMATION_FORMAT = dwarf;
				ENABLE_STRICT_OBJC_MSGSEND = YES;
				ENABLE_TESTABILITY = YES;
				GCC_C_LANGUAGE_STANDARD = gnu11;
				GCC_DYNAMIC_NO_PIC = NO;
				GCC_NO_COMMON_BLOCKS = YES;
				GCC_OPTIMIZATION_LEVEL = 0;
				GCC_PREPROCESSOR_DEFINITIONS = (
					"DEBUG=1",
					"$(inherited)",
				);
				GCC_WARN_64_TO_32_BIT_CONVERSION = YES;
				GCC_WARN_ABOUT_RETURN_TYPE = YES_ERROR;
				GCC_WARN_UNDECLARED_SELECTOR = YES;
				GCC_WARN_UNINITIALIZED_AUTOS = YES_AGGRESSIVE;
				GCC_WARN_UNUSED_FUNCTION = YES;
				GCC_WARN_UNUSED_VARIABLE = YES;
				IPHONEOS_DEPLOYMENT_TARGET = 15.4;
				MTL_ENABLE_DEBUG_INFO = INCLUDE_SOURCE;
				MTL_FAST_MATH = YES;
				ONLY_ACTIVE_ARCH = YES;
				SDKROOT = iphoneos;
				SWIFT_ACTIVE_COMPILATION_CONDITIONS = DEBUG;
				SWIFT_OPTIMIZATION_LEVEL = "-Onone";
			};
			name = Debug;
		};
		128D1574280FE47F003FF480 /* Release */ = {
			isa = XCBuildConfiguration;
			buildSettings = {
				ALWAYS_SEARCH_USER_PATHS = NO;
				CLANG_ANALYZER_LOCALIZABILITY_NONLOCALIZED = YES;
				CLANG_ANALYZER_NONNULL = YES;
				CLANG_ANALYZER_NUMBER_OBJECT_CONVERSION = YES_AGGRESSIVE;
				CLANG_CXX_LANGUAGE_STANDARD = "gnu++17";
				CLANG_ENABLE_MODULES = YES;
				CLANG_ENABLE_OBJC_ARC = YES;
				CLANG_ENABLE_OBJC_WEAK = YES;
				CLANG_WARN_BLOCK_CAPTURE_AUTORELEASING = YES;
				CLANG_WARN_BOOL_CONVERSION = YES;
				CLANG_WARN_COMMA = YES;
				CLANG_WARN_CONSTANT_CONVERSION = YES;
				CLANG_WARN_DEPRECATED_OBJC_IMPLEMENTATIONS = YES;
				CLANG_WARN_DIRECT_OBJC_ISA_USAGE = YES_ERROR;
				CLANG_WARN_DOCUMENTATION_COMMENTS = YES;
				CLANG_WARN_EMPTY_BODY = YES;
				CLANG_WARN_ENUM_CONVERSION = YES;
				CLANG_WARN_INFINITE_RECURSION = YES;
				CLANG_WARN_INT_CONVERSION = YES;
				CLANG_WARN_NON_LITERAL_NULL_CONVERSION = YES;
				CLANG_WARN_OBJC_IMPLICIT_RETAIN_SELF = YES;
				CLANG_WARN_OBJC_LITERAL_CONVERSION = YES;
				CLANG_WARN_OBJC_ROOT_CLASS = YES_ERROR;
				CLANG_WARN_QUOTED_INCLUDE_IN_FRAMEWORK_HEADER = YES;
				CLANG_WARN_RANGE_LOOP_ANALYSIS = YES;
				CLANG_WARN_STRICT_PROTOTYPES = YES;
				CLANG_WARN_SUSPICIOUS_MOVE = YES;
				CLANG_WARN_UNGUARDED_AVAILABILITY = YES_AGGRESSIVE;
				CLANG_WARN_UNREACHABLE_CODE = YES;
				CLANG_WARN__DUPLICATE_METHOD_MATCH = YES;
				COPY_PHASE_STRIP = NO;
				DEBUG_INFORMATION_FORMAT = "dwarf-with-dsym";
				ENABLE_NS_ASSERTIONS = NO;
				ENABLE_STRICT_OBJC_MSGSEND = YES;
				GCC_C_LANGUAGE_STANDARD = gnu11;
				GCC_NO_COMMON_BLOCKS = YES;
				GCC_WARN_64_TO_32_BIT_CONVERSION = YES;
				GCC_WARN_ABOUT_RETURN_TYPE = YES_ERROR;
				GCC_WARN_UNDECLARED_SELECTOR = YES;
				GCC_WARN_UNINITIALIZED_AUTOS = YES_AGGRESSIVE;
				GCC_WARN_UNUSED_FUNCTION = YES;
				GCC_WARN_UNUSED_VARIABLE = YES;
				IPHONEOS_DEPLOYMENT_TARGET = 15.4;
				MTL_ENABLE_DEBUG_INFO = NO;
				MTL_FAST_MATH = YES;
				SDKROOT = iphoneos;
				SWIFT_COMPILATION_MODE = wholemodule;
				SWIFT_OPTIMIZATION_LEVEL = "-O";
				VALIDATE_PRODUCT = YES;
			};
			name = Release;
		};
		128D1576280FE47F003FF480 /* Debug */ = {
			isa = XCBuildConfiguration;
			buildSettings = {
				ASSETCATALOG_COMPILER_APPICON_NAME = AppIcon;
				ASSETCATALOG_COMPILER_GLOBAL_ACCENT_COLOR_NAME = AccentColor;
				CODE_SIGN_STYLE = Automatic;
				CURRENT_PROJECT_VERSION = 3;
				DEVELOPMENT_ASSET_PATHS = "\"PlainShougi/Preview Content\"";
				DEVELOPMENT_TEAM = 6696GEY228;
				ENABLE_PREVIEWS = YES;
				GENERATE_INFOPLIST_FILE = YES;
				INFOPLIST_FILE = PlainShougi/Info.plist;
				INFOPLIST_KEY_UIApplicationSceneManifest_Generation = YES;
				INFOPLIST_KEY_UIApplicationSupportsIndirectInputEvents = YES;
				INFOPLIST_KEY_UISupportedInterfaceOrientations_iPad = "UIInterfaceOrientationPortrait UIInterfaceOrientationPortraitUpsideDown UIInterfaceOrientationLandscapeLeft UIInterfaceOrientationLandscapeRight";
				INFOPLIST_KEY_UISupportedInterfaceOrientations_iPhone = "UIInterfaceOrientationPortrait UIInterfaceOrientationLandscapeLeft UIInterfaceOrientationLandscapeRight";
				LD_RUNPATH_SEARCH_PATHS = (
					"$(inherited)",
					"@executable_path/Frameworks",
				);
				MARKETING_VERSION = 1.1;
				PRODUCT_BUNDLE_IDENTIFIER = "net.aaaakkkkssssttttnnnn.PlainShougi-debug";
				PRODUCT_NAME = "将棋盤";
				SWIFT_EMIT_LOC_STRINGS = YES;
				SWIFT_VERSION = 5.0;
				TARGETED_DEVICE_FAMILY = "1,2";
			};
			name = Debug;
		};
		128D1577280FE47F003FF480 /* Release */ = {
			isa = XCBuildConfiguration;
			buildSettings = {
				ASSETCATALOG_COMPILER_APPICON_NAME = AppIcon;
				ASSETCATALOG_COMPILER_GLOBAL_ACCENT_COLOR_NAME = AccentColor;
				CODE_SIGN_STYLE = Automatic;
				CURRENT_PROJECT_VERSION = 3;
				DEVELOPMENT_ASSET_PATHS = "\"PlainShougi/Preview Content\"";
				DEVELOPMENT_TEAM = 6696GEY228;
				ENABLE_PREVIEWS = YES;
				GENERATE_INFOPLIST_FILE = YES;
				INFOPLIST_FILE = PlainShougi/Info.plist;
				INFOPLIST_KEY_UIApplicationSceneManifest_Generation = YES;
				INFOPLIST_KEY_UIApplicationSupportsIndirectInputEvents = YES;
				INFOPLIST_KEY_UISupportedInterfaceOrientations_iPad = "UIInterfaceOrientationPortrait UIInterfaceOrientationPortraitUpsideDown UIInterfaceOrientationLandscapeLeft UIInterfaceOrientationLandscapeRight";
				INFOPLIST_KEY_UISupportedInterfaceOrientations_iPhone = "UIInterfaceOrientationPortrait UIInterfaceOrientationLandscapeLeft UIInterfaceOrientationLandscapeRight";
				LD_RUNPATH_SEARCH_PATHS = (
					"$(inherited)",
					"@executable_path/Frameworks",
				);
				MARKETING_VERSION = 1.1;
				PRODUCT_BUNDLE_IDENTIFIER = "net.aaaakkkkssssttttnnnn.PlainShougi-debug";
				PRODUCT_NAME = "将棋盤";
				SWIFT_EMIT_LOC_STRINGS = YES;
				SWIFT_VERSION = 5.0;
				TARGETED_DEVICE_FAMILY = "1,2";
			};
			name = Release;
		};
/* End XCBuildConfiguration section */

/* Begin XCConfigurationList section */
		128D1562280FE47E003FF480 /* Build configuration list for PBXProject "PlainShougi" */ = {
			isa = XCConfigurationList;
			buildConfigurations = (
				128D1573280FE47F003FF480 /* Debug */,
				128D1574280FE47F003FF480 /* Release */,
			);
			defaultConfigurationIsVisible = 0;
			defaultConfigurationName = Release;
		};
		128D1575280FE47F003FF480 /* Build configuration list for PBXNativeTarget "PlainShougi" */ = {
			isa = XCConfigurationList;
			buildConfigurations = (
				128D1576280FE47F003FF480 /* Debug */,
				128D1577280FE47F003FF480 /* Release */,
			);
			defaultConfigurationIsVisible = 0;
			defaultConfigurationName = Release;
		};
/* End XCConfigurationList section */
	};
	rootObject = 128D155F280FE47E003FF480 /* Project object */;
}
