// !$*UTF8*$!
{
	archiveVersion = 1;
	classes = {
	};
	objectVersion = 55;
	objects = {

/* Begin PBXBuildFile section */
		123BC8B82824AC1F00812C82 /* README.md in CopyFiles */ = {isa = PBXBuildFile; fileRef = 12D198532810DD6500CE6578 /* README.md */; };
		123BC8B92824AC1F00812C82 /* 型Type.swift in CopyFiles */ = {isa = PBXBuildFile; fileRef = 126C18F22816460F002CD046 /* 型Type.swift */; };
		123BC8BA2824AC1F00812C82 /* 広告AD.swift in CopyFiles */ = {isa = PBXBuildFile; fileRef = 126A53162823F95D003937A6 /* 広告AD.swift */; };
		123BC8BB2824AC1F00812C82 /* ソース確認SourceCheck.swift in CopyFiles */ = {isa = PBXBuildFile; fileRef = 126A531A2824027E003937A6 /* ソース確認SourceCheck.swift */; };
		124B75552810CD6D00027DCA /* Localizable.strings in Resources */ = {isa = PBXBuildFile; fileRef = 124B75572810CD6D00027DCA /* Localizable.strings */; };
		126A53172823F95D003937A6 /* 広告AD.swift in Sources */ = {isa = PBXBuildFile; fileRef = 126A53162823F95D003937A6 /* 広告AD.swift */; };
		126A531B2824027E003937A6 /* ソース確認SourceCheck.swift in Sources */ = {isa = PBXBuildFile; fileRef = 126A531A2824027E003937A6 /* ソース確認SourceCheck.swift */; };
		126A531D2824052A003937A6 /* Plain将棋盤App.swift in CopyFiles */ = {isa = PBXBuildFile; fileRef = 128D156A280FE47E003FF480 /* Plain将棋盤App.swift */; };
		126A531E2824052A003937A6 /* ContentView.swift in CopyFiles */ = {isa = PBXBuildFile; fileRef = 128D156C280FE47E003FF480 /* ContentView.swift */; };
		126A531F2824052A003937A6 /* 将棋Model.swift in CopyFiles */ = {isa = PBXBuildFile; fileRef = 128D1578280FE4E4003FF480 /* 将棋Model.swift */; };
		126C18F32816460F002CD046 /* 型Type.swift in Sources */ = {isa = PBXBuildFile; fileRef = 126C18F22816460F002CD046 /* 型Type.swift */; };
		128D156B280FE47E003FF480 /* Plain将棋盤App.swift in Sources */ = {isa = PBXBuildFile; fileRef = 128D156A280FE47E003FF480 /* Plain将棋盤App.swift */; };
		128D156D280FE47E003FF480 /* ContentView.swift in Sources */ = {isa = PBXBuildFile; fileRef = 128D156C280FE47E003FF480 /* ContentView.swift */; };
		128D156F280FE47F003FF480 /* Assets.xcassets in Resources */ = {isa = PBXBuildFile; fileRef = 128D156E280FE47F003FF480 /* Assets.xcassets */; };
		128D1572280FE47F003FF480 /* Preview Assets.xcassets in Resources */ = {isa = PBXBuildFile; fileRef = 128D1571280FE47F003FF480 /* Preview Assets.xcassets */; };
		128D1579280FE4E4003FF480 /* 将棋Model.swift in Sources */ = {isa = PBXBuildFile; fileRef = 128D1578280FE4E4003FF480 /* 将棋Model.swift */; };
		129A8F2D2824BA0B00EFD58A /* Localizable.strings in CopyFiles */ = {isa = PBXBuildFile; fileRef = 124B75572810CD6D00027DCA /* Localizable.strings */; };
/* End PBXBuildFile section */

/* Begin PBXCopyFilesBuildPhase section */
		123BC8B72824ABFF00812C82 /* CopyFiles */ = {
			isa = PBXCopyFilesBuildPhase;
			buildActionMask = 2147483647;
			dstPath = "📁Secondary";
			dstSubfolderSpec = 7;
			files = (
				123BC8B82824AC1F00812C82 /* README.md in CopyFiles */,
				123BC8B92824AC1F00812C82 /* 型Type.swift in CopyFiles */,
				123BC8BA2824AC1F00812C82 /* 広告AD.swift in CopyFiles */,
				123BC8BB2824AC1F00812C82 /* ソース確認SourceCheck.swift in CopyFiles */,
			);
			runOnlyForDeploymentPostprocessing = 0;
		};
		126A531C28240508003937A6 /* CopyFiles */ = {
			isa = PBXCopyFilesBuildPhase;
			buildActionMask = 2147483647;
			dstPath = "📁Primary";
			dstSubfolderSpec = 7;
			files = (
				126A531D2824052A003937A6 /* Plain将棋盤App.swift in CopyFiles */,
				126A531E2824052A003937A6 /* ContentView.swift in CopyFiles */,
				126A531F2824052A003937A6 /* 将棋Model.swift in CopyFiles */,
			);
			runOnlyForDeploymentPostprocessing = 0;
		};
		129A8F2B2824B9A000EFD58A /* CopyFiles */ = {
			isa = PBXCopyFilesBuildPhase;
			buildActionMask = 2147483647;
			dstPath = "📁Localizable";
			dstSubfolderSpec = 7;
			files = (
				129A8F2D2824BA0B00EFD58A /* Localizable.strings in CopyFiles */,
			);
			runOnlyForDeploymentPostprocessing = 0;
		};
/* End PBXCopyFilesBuildPhase section */

/* Begin PBXFileReference section */
		124B75562810CD6D00027DCA /* en */ = {isa = PBXFileReference; lastKnownFileType = text.plist.strings; name = en; path = en.lproj/Localizable.strings; sourceTree = "<group>"; };
		124B75582810CD8100027DCA /* ja */ = {isa = PBXFileReference; lastKnownFileType = text.plist.strings; name = ja; path = ja.lproj/Localizable.strings; sourceTree = "<group>"; };
		126A53162823F95D003937A6 /* 広告AD.swift */ = {isa = PBXFileReference; lastKnownFileType = sourcecode.swift; path = "広告AD.swift"; sourceTree = "<group>"; };
		126A531A2824027E003937A6 /* ソース確認SourceCheck.swift */ = {isa = PBXFileReference; lastKnownFileType = sourcecode.swift; path = "ソース確認SourceCheck.swift"; sourceTree = "<group>"; };
		126C18F22816460F002CD046 /* 型Type.swift */ = {isa = PBXFileReference; lastKnownFileType = sourcecode.swift; path = "型Type.swift"; sourceTree = "<group>"; };
		128D1567280FE47E003FF480 /* 将棋盤.app */ = {isa = PBXFileReference; explicitFileType = wrapper.application; includeInIndex = 0; path = "将棋盤.app"; sourceTree = BUILT_PRODUCTS_DIR; };
		128D156A280FE47E003FF480 /* Plain将棋盤App.swift */ = {isa = PBXFileReference; lastKnownFileType = sourcecode.swift; path = "Plain将棋盤App.swift"; sourceTree = "<group>"; };
		128D156C280FE47E003FF480 /* ContentView.swift */ = {isa = PBXFileReference; lastKnownFileType = sourcecode.swift; path = ContentView.swift; sourceTree = "<group>"; };
		128D156E280FE47F003FF480 /* Assets.xcassets */ = {isa = PBXFileReference; lastKnownFileType = folder.assetcatalog; path = Assets.xcassets; sourceTree = "<group>"; };
		128D1571280FE47F003FF480 /* Preview Assets.xcassets */ = {isa = PBXFileReference; lastKnownFileType = folder.assetcatalog; path = "Preview Assets.xcassets"; sourceTree = "<group>"; };
		128D1578280FE4E4003FF480 /* 将棋Model.swift */ = {isa = PBXFileReference; lastKnownFileType = sourcecode.swift; path = "将棋Model.swift"; sourceTree = "<group>"; };
		12D198532810DD6500CE6578 /* README.md */ = {isa = PBXFileReference; lastKnownFileType = net.daringfireball.markdown; path = README.md; sourceTree = "<group>"; };
/* End PBXFileReference section */

/* Begin PBXFrameworksBuildPhase section */
		128D1564280FE47E003FF480 /* Frameworks */ = {
			isa = PBXFrameworksBuildPhase;
			buildActionMask = 2147483647;
			files = (
			);
			runOnlyForDeploymentPostprocessing = 0;
		};
/* End PBXFrameworksBuildPhase section */

/* Begin PBXGroup section */
		128D155E280FE47E003FF480 = {
			isa = PBXGroup;
			children = (
				12D198532810DD6500CE6578 /* README.md */,
				128D1569280FE47E003FF480 /* PlainShougi */,
				128D1568280FE47E003FF480 /* Products */,
			);
			sourceTree = "<group>";
		};
		128D1568280FE47E003FF480 /* Products */ = {
			isa = PBXGroup;
			children = (
				128D1567280FE47E003FF480 /* 将棋盤.app */,
			);
			name = Products;
			sourceTree = "<group>";
		};
		128D1569280FE47E003FF480 /* PlainShougi */ = {
			isa = PBXGroup;
			children = (
				128D156A280FE47E003FF480 /* Plain将棋盤App.swift */,
				128D156C280FE47E003FF480 /* ContentView.swift */,
				128D1578280FE4E4003FF480 /* 将棋Model.swift */,
				126C18F22816460F002CD046 /* 型Type.swift */,
				126A53162823F95D003937A6 /* 広告AD.swift */,
				126A531A2824027E003937A6 /* ソース確認SourceCheck.swift */,
				124B75572810CD6D00027DCA /* Localizable.strings */,
				128D156E280FE47F003FF480 /* Assets.xcassets */,
				128D1570280FE47F003FF480 /* Preview Content */,
			);
			path = PlainShougi;
			sourceTree = "<group>";
		};
		128D1570280FE47F003FF480 /* Preview Content */ = {
			isa = PBXGroup;
			children = (
				128D1571280FE47F003FF480 /* Preview Assets.xcassets */,
			);
			path = "Preview Content";
			sourceTree = "<group>";
		};
/* End PBXGroup section */

/* Begin PBXNativeTarget section */
		128D1566280FE47E003FF480 /* PlainShougi */ = {
			isa = PBXNativeTarget;
			buildConfigurationList = 128D1575280FE47F003FF480 /* Build configuration list for PBXNativeTarget "PlainShougi" */;
			buildPhases = (
				128D1563280FE47E003FF480 /* Sources */,
				128D1564280FE47E003FF480 /* Frameworks */,
				128D1565280FE47E003FF480 /* Resources */,
				126A531C28240508003937A6 /* CopyFiles */,
				123BC8B72824ABFF00812C82 /* CopyFiles */,
				129A8F2B2824B9A000EFD58A /* CopyFiles */,
			);
			buildRules = (
			);
			dependencies = (
			);
			name = PlainShougi;
			productName = PlainShougi;
			productReference = 128D1567280FE47E003FF480 /* 将棋盤.app */;
			productType = "com.apple.product-type.application";
		};
/* End PBXNativeTarget section */

/* Begin PBXProject section */
		128D155F280FE47E003FF480 /* Project object */ = {
			isa = PBXProject;
			attributes = {
				BuildIndependentTargetsInParallel = 1;
				LastSwiftUpdateCheck = 1330;
				LastUpgradeCheck = 1330;
				TargetAttributes = {
					128D1566280FE47E003FF480 = {
						CreatedOnToolsVersion = 13.3;
					};
				};
			};
			buildConfigurationList = 128D1562280FE47E003FF480 /* Build configuration list for PBXProject "PlainShougi" */;
			compatibilityVersion = "Xcode 13.0";
			developmentRegion = en;
			hasScannedForEncodings = 0;
			knownRegions = (
				en,
				Base,
				ja,
			);
			mainGroup = 128D155E280FE47E003FF480;
			productRefGroup = 128D1568280FE47E003FF480 /* Products */;
			projectDirPath = "";
			projectRoot = "";
			targets = (
				128D1566280FE47E003FF480 /* PlainShougi */,
			);
		};
/* End PBXProject section */

/* Begin PBXResourcesBuildPhase section */
		128D1565280FE47E003FF480 /* Resources */ = {
			isa = PBXResourcesBuildPhase;
			buildActionMask = 2147483647;
			files = (
				128D1572280FE47F003FF480 /* Preview Assets.xcassets in Resources */,
				124B75552810CD6D00027DCA /* Localizable.strings in Resources */,
				128D156F280FE47F003FF480 /* Assets.xcassets in Resources */,
			);
			runOnlyForDeploymentPostprocessing = 0;
		};
/* End PBXResourcesBuildPhase section */

/* Begin PBXSourcesBuildPhase section */
		128D1563280FE47E003FF480 /* Sources */ = {
			isa = PBXSourcesBuildPhase;
			buildActionMask = 2147483647;
			files = (
				128D156D280FE47E003FF480 /* ContentView.swift in Sources */,
				126A53172823F95D003937A6 /* 広告AD.swift in Sources */,
				126A531B2824027E003937A6 /* ソース確認SourceCheck.swift in Sources */,
				128D156B280FE47E003FF480 /* Plain将棋盤App.swift in Sources */,
				126C18F32816460F002CD046 /* 型Type.swift in Sources */,
				128D1579280FE4E4003FF480 /* 将棋Model.swift in Sources */,
			);
			runOnlyForDeploymentPostprocessing = 0;
		};
/* End PBXSourcesBuildPhase section */

/* Begin PBXVariantGroup section */
		124B75572810CD6D00027DCA /* Localizable.strings */ = {
			isa = PBXVariantGroup;
			children = (
				124B75562810CD6D00027DCA /* en */,
				124B75582810CD8100027DCA /* ja */,
			);
			name = Localizable.strings;
			sourceTree = "<group>";
		};
/* End PBXVariantGroup section */

/* Begin XCBuildConfiguration section */
		128D1573280FE47F003FF480 /* Debug */ = {
			isa = XCBuildConfiguration;
			buildSettings = {
				ALWAYS_SEARCH_USER_PATHS = NO;
				CLANG_ANALYZER_NONNULL = YES;
				CLANG_ANALYZER_NUMBER_OBJECT_CONVERSION = YES_AGGRESSIVE;
				CLANG_CXX_LANGUAGE_STANDARD = "gnu++17";
				CLANG_ENABLE_MODULES = YES;
				CLANG_ENABLE_OBJC_ARC = YES;
				CLANG_ENABLE_OBJC_WEAK = YES;
				CLANG_WARN_BLOCK_CAPTURE_AUTORELEASING = YES;
				CLANG_WARN_BOOL_CONVERSION = YES;
				CLANG_WARN_COMMA = YES;
				CLANG_WARN_CONSTANT_CONVERSION = YES;
				CLANG_WARN_DEPRECATED_OBJC_IMPLEMENTATIONS = YES;
				CLANG_WARN_DIRECT_OBJC_ISA_USAGE = YES_ERROR;
				CLANG_WARN_DOCUMENTATION_COMMENTS = YES;
				CLANG_WARN_EMPTY_BODY = YES;
				CLANG_WARN_ENUM_CONVERSION = YES;
				CLANG_WARN_INFINITE_RECURSION = YES;
				CLANG_WARN_INT_CONVERSION = YES;
				CLANG_WARN_NON_LITERAL_NULL_CONVERSION = YES;
				CLANG_WARN_OBJC_IMPLICIT_RETAIN_SELF = YES;
				CLANG_WARN_OBJC_LITERAL_CONVERSION = YES;
				CLANG_WARN_OBJC_ROOT_CLASS = YES_ERROR;
				CLANG_WARN_QUOTED_INCLUDE_IN_FRAMEWORK_HEADER = YES;
				CLANG_WARN_RANGE_LOOP_ANALYSIS = YES;
				CLANG_WARN_STRICT_PROTOTYPES = YES;
				CLANG_WARN_SUSPICIOUS_MOVE = YES;
				CLANG_WARN_UNGUARDED_AVAILABILITY = YES_AGGRESSIVE;
				CLANG_WARN_UNREACHABLE_CODE = YES;
				CLANG_WARN__DUPLICATE_METHOD_MATCH = YES;
				COPY_PHASE_STRIP = NO;
				DEBUG_INFORMATION_FORMAT = dwarf;
				ENABLE_STRICT_OBJC_MSGSEND = YES;
				ENABLE_TESTABILITY = YES;
				GCC_C_LANGUAGE_STANDARD = gnu11;
				GCC_DYNAMIC_NO_PIC = NO;
				GCC_NO_COMMON_BLOCKS = YES;
				GCC_OPTIMIZATION_LEVEL = 0;
				GCC_PREPROCESSOR_DEFINITIONS = (
					"DEBUG=1",
					"$(inherited)",
				);
				GCC_WARN_64_TO_32_BIT_CONVERSION = YES;
				GCC_WARN_ABOUT_RETURN_TYPE = YES_ERROR;
				GCC_WARN_UNDECLARED_SELECTOR = YES;
				GCC_WARN_UNINITIALIZED_AUTOS = YES_AGGRESSIVE;
				GCC_WARN_UNUSED_FUNCTION = YES;
				GCC_WARN_UNUSED_VARIABLE = YES;
				IPHONEOS_DEPLOYMENT_TARGET = 15.4;
				MTL_ENABLE_DEBUG_INFO = INCLUDE_SOURCE;
				MTL_FAST_MATH = YES;
				ONLY_ACTIVE_ARCH = YES;
				SDKROOT = iphoneos;
				SWIFT_ACTIVE_COMPILATION_CONDITIONS = DEBUG;
				SWIFT_OPTIMIZATION_LEVEL = "-Onone";
			};
			name = Debug;
		};
		128D1574280FE47F003FF480 /* Release */ = {
			isa = XCBuildConfiguration;
			buildSettings = {
				ALWAYS_SEARCH_USER_PATHS = NO;
				CLANG_ANALYZER_NONNULL = YES;
				CLANG_ANALYZER_NUMBER_OBJECT_CONVERSION = YES_AGGRESSIVE;
				CLANG_CXX_LANGUAGE_STANDARD = "gnu++17";
				CLANG_ENABLE_MODULES = YES;
				CLANG_ENABLE_OBJC_ARC = YES;
				CLANG_ENABLE_OBJC_WEAK = YES;
				CLANG_WARN_BLOCK_CAPTURE_AUTORELEASING = YES;
				CLANG_WARN_BOOL_CONVERSION = YES;
				CLANG_WARN_COMMA = YES;
				CLANG_WARN_CONSTANT_CONVERSION = YES;
				CLANG_WARN_DEPRECATED_OBJC_IMPLEMENTATIONS = YES;
				CLANG_WARN_DIRECT_OBJC_ISA_USAGE = YES_ERROR;
				CLANG_WARN_DOCUMENTATION_COMMENTS = YES;
				CLANG_WARN_EMPTY_BODY = YES;
				CLANG_WARN_ENUM_CONVERSION = YES;
				CLANG_WARN_INFINITE_RECURSION = YES;
				CLANG_WARN_INT_CONVERSION = YES;
				CLANG_WARN_NON_LITERAL_NULL_CONVERSION = YES;
				CLANG_WARN_OBJC_IMPLICIT_RETAIN_SELF = YES;
				CLANG_WARN_OBJC_LITERAL_CONVERSION = YES;
				CLANG_WARN_OBJC_ROOT_CLASS = YES_ERROR;
				CLANG_WARN_QUOTED_INCLUDE_IN_FRAMEWORK_HEADER = YES;
				CLANG_WARN_RANGE_LOOP_ANALYSIS = YES;
				CLANG_WARN_STRICT_PROTOTYPES = YES;
				CLANG_WARN_SUSPICIOUS_MOVE = YES;
				CLANG_WARN_UNGUARDED_AVAILABILITY = YES_AGGRESSIVE;
				CLANG_WARN_UNREACHABLE_CODE = YES;
				CLANG_WARN__DUPLICATE_METHOD_MATCH = YES;
				COPY_PHASE_STRIP = NO;
				DEBUG_INFORMATION_FORMAT = "dwarf-with-dsym";
				ENABLE_NS_ASSERTIONS = NO;
				ENABLE_STRICT_OBJC_MSGSEND = YES;
				GCC_C_LANGUAGE_STANDARD = gnu11;
				GCC_NO_COMMON_BLOCKS = YES;
				GCC_WARN_64_TO_32_BIT_CONVERSION = YES;
				GCC_WARN_ABOUT_RETURN_TYPE = YES_ERROR;
				GCC_WARN_UNDECLARED_SELECTOR = YES;
				GCC_WARN_UNINITIALIZED_AUTOS = YES_AGGRESSIVE;
				GCC_WARN_UNUSED_FUNCTION = YES;
				GCC_WARN_UNUSED_VARIABLE = YES;
				IPHONEOS_DEPLOYMENT_TARGET = 15.4;
				MTL_ENABLE_DEBUG_INFO = NO;
				MTL_FAST_MATH = YES;
				SDKROOT = iphoneos;
				SWIFT_COMPILATION_MODE = wholemodule;
				SWIFT_OPTIMIZATION_LEVEL = "-O";
				VALIDATE_PRODUCT = YES;
			};
			name = Release;
		};
		128D1576280FE47F003FF480 /* Debug */ = {
			isa = XCBuildConfiguration;
			buildSettings = {
				ASSETCATALOG_COMPILER_APPICON_NAME = AppIcon;
				ASSETCATALOG_COMPILER_GLOBAL_ACCENT_COLOR_NAME = AccentColor;
				CODE_SIGN_STYLE = Automatic;
				CURRENT_PROJECT_VERSION = 2;
				DEVELOPMENT_ASSET_PATHS = "\"PlainShougi/Preview Content\"";
				DEVELOPMENT_TEAM = 6696GEY228;
				ENABLE_PREVIEWS = YES;
				GENERATE_INFOPLIST_FILE = YES;
				INFOPLIST_KEY_UIApplicationSceneManifest_Generation = YES;
				INFOPLIST_KEY_UIApplicationSupportsIndirectInputEvents = YES;
				INFOPLIST_KEY_UILaunchScreen_Generation = YES;
				INFOPLIST_KEY_UISupportedInterfaceOrientations_iPad = "UIInterfaceOrientationPortrait UIInterfaceOrientationPortraitUpsideDown UIInterfaceOrientationLandscapeLeft UIInterfaceOrientationLandscapeRight";
				INFOPLIST_KEY_UISupportedInterfaceOrientations_iPhone = "UIInterfaceOrientationPortrait UIInterfaceOrientationLandscapeLeft UIInterfaceOrientationLandscapeRight";
				LD_RUNPATH_SEARCH_PATHS = (
					"$(inherited)",
					"@executable_path/Frameworks",
				);
				MARKETING_VERSION = 1.1;
				PRODUCT_BUNDLE_IDENTIFIER = net.aaaakkkkssssttttnnnn.PlainShougi;
				PRODUCT_NAME = "将棋盤";
				SWIFT_EMIT_LOC_STRINGS = YES;
				SWIFT_VERSION = 5.0;
				TARGETED_DEVICE_FAMILY = "1,2";
			};
			name = Debug;
		};
		128D1577280FE47F003FF480 /* Release */ = {
			isa = XCBuildConfiguration;
			buildSettings = {
				ASSETCATALOG_COMPILER_APPICON_NAME = AppIcon;
				ASSETCATALOG_COMPILER_GLOBAL_ACCENT_COLOR_NAME = AccentColor;
				CODE_SIGN_STYLE = Automatic;
				CURRENT_PROJECT_VERSION = 2;
				DEVELOPMENT_ASSET_PATHS = "\"PlainShougi/Preview Content\"";
				DEVELOPMENT_TEAM = 6696GEY228;
				ENABLE_PREVIEWS = YES;
				GENERATE_INFOPLIST_FILE = YES;
				INFOPLIST_KEY_UIApplicationSceneManifest_Generation = YES;
				INFOPLIST_KEY_UIApplicationSupportsIndirectInputEvents = YES;
				INFOPLIST_KEY_UILaunchScreen_Generation = YES;
				INFOPLIST_KEY_UISupportedInterfaceOrientations_iPad = "UIInterfaceOrientationPortrait UIInterfaceOrientationPortraitUpsideDown UIInterfaceOrientationLandscapeLeft UIInterfaceOrientationLandscapeRight";
				INFOPLIST_KEY_UISupportedInterfaceOrientations_iPhone = "UIInterfaceOrientationPortrait UIInterfaceOrientationLandscapeLeft UIInterfaceOrientationLandscapeRight";
				LD_RUNPATH_SEARCH_PATHS = (
					"$(inherited)",
					"@executable_path/Frameworks",
				);
				MARKETING_VERSION = 1.1;
				PRODUCT_BUNDLE_IDENTIFIER = net.aaaakkkkssssttttnnnn.PlainShougi;
				PRODUCT_NAME = "将棋盤";
				SWIFT_EMIT_LOC_STRINGS = YES;
				SWIFT_VERSION = 5.0;
				TARGETED_DEVICE_FAMILY = "1,2";
			};
			name = Release;
		};
/* End XCBuildConfiguration section */

/* Begin XCConfigurationList section */
		128D1562280FE47E003FF480 /* Build configuration list for PBXProject "PlainShougi" */ = {
			isa = XCConfigurationList;
			buildConfigurations = (
				128D1573280FE47F003FF480 /* Debug */,
				128D1574280FE47F003FF480 /* Release */,
			);
			defaultConfigurationIsVisible = 0;
			defaultConfigurationName = Release;
		};
		128D1575280FE47F003FF480 /* Build configuration list for PBXNativeTarget "PlainShougi" */ = {
			isa = XCConfigurationList;
			buildConfigurations = (
				128D1576280FE47F003FF480 /* Debug */,
				128D1577280FE47F003FF480 /* Release */,
			);
			defaultConfigurationIsVisible = 0;
			defaultConfigurationName = Release;
		};
/* End XCConfigurationList section */
	};
	rootObject = 128D155F280FE47E003FF480 /* Project object */;
}
