// !$*UTF8*$!
{
	archiveVersion = 1;
	classes = {
	};
	objectVersion = 55;
	objects = {

/* Begin PBXBuildFile section */
		120363132865E20200636EBD /* Plain将棋盤App.swift in CopyFiles */ = {isa = PBXBuildFile; fileRef = 128D156A280FE47E003FF480 /* Plain将棋盤App.swift */; };
		120363142865E20200636EBD /* ContentView.swift in CopyFiles */ = {isa = PBXBuildFile; fileRef = 128D156C280FE47E003FF480 /* ContentView.swift */; };
		124B75552810CD6D00027DCA /* Localizable.strings in Resources */ = {isa = PBXBuildFile; fileRef = 124B75572810CD6D00027DCA /* Localizable.strings */; };
		127132E82873CDF20008AE46 /* 🪄ModifyMode.swift in Sources */ = {isa = PBXBuildFile; fileRef = 127132E72873CDF20008AE46 /* 🪄ModifyMode.swift */; };
		128D156B280FE47E003FF480 /* Plain将棋盤App.swift in Sources */ = {isa = PBXBuildFile; fileRef = 128D156A280FE47E003FF480 /* Plain将棋盤App.swift */; };
		128D156D280FE47E003FF480 /* ContentView.swift in Sources */ = {isa = PBXBuildFile; fileRef = 128D156C280FE47E003FF480 /* ContentView.swift */; };
		128D156F280FE47F003FF480 /* Assets.xcassets in Resources */ = {isa = PBXBuildFile; fileRef = 128D156E280FE47F003FF480 /* Assets.xcassets */; };
		12A9251E2866A8960035DC83 /* StoreKit.framework in Frameworks */ = {isa = PBXBuildFile; fileRef = 12A9251D2866A8960035DC83 /* StoreKit.framework */; };
		12A925212866AA6C0035DC83 /* InfoPlist.strings in Resources */ = {isa = PBXBuildFile; fileRef = 12A925232866AA6C0035DC83 /* InfoPlist.strings */; };
		12D424422871893D002D3E80 /* 📬DropDelegate.swift in Sources */ = {isa = PBXBuildFile; fileRef = 12D424412871893D002D3E80 /* 📬DropDelegate.swift */; };
		12D436A42865CD8400B707F5 /* Configuration.storekit in Resources */ = {isa = PBXBuildFile; fileRef = 12D4369C2865CD8300B707F5 /* Configuration.storekit */; };
		12F4444E286D4B580008A663 /* 🛠Menu.swift in Sources */ = {isa = PBXBuildFile; fileRef = 12F4444D286D4B580008A663 /* 🛠Menu.swift */; };
		F5091F892A0A1466003F8BB3 /* 🧾BoardPreview.swift in Sources */ = {isa = PBXBuildFile; fileRef = F5091F882A0A1466003F8BB3 /* 🧾BoardPreview.swift */; };
		F5091F8A2A0A1466003F8BB3 /* 🧾BoardPreview.swift in Sources */ = {isa = PBXBuildFile; fileRef = F5091F882A0A1466003F8BB3 /* 🧾BoardPreview.swift */; };
		F5091F8B2A0A1466003F8BB3 /* 🧾BoardPreview.swift in Sources */ = {isa = PBXBuildFile; fileRef = F5091F882A0A1466003F8BB3 /* 🧾BoardPreview.swift */; };
		F5091F8C2A0A1A66003F8BB3 /* 🧾BoardPreview.swift in CopyFiles */ = {isa = PBXBuildFile; fileRef = F5091F882A0A1466003F8BB3 /* 🧾BoardPreview.swift */; };
		F5091F8E2A0A1C4B003F8BB3 /* 🌐EnvironmentValues.swift in Sources */ = {isa = PBXBuildFile; fileRef = F5091F8D2A0A1C4B003F8BB3 /* 🌐EnvironmentValues.swift */; };
		F5091F8F2A0A1C4B003F8BB3 /* 🌐EnvironmentValues.swift in Sources */ = {isa = PBXBuildFile; fileRef = F5091F8D2A0A1C4B003F8BB3 /* 🌐EnvironmentValues.swift */; };
		F5091F902A0A1C4B003F8BB3 /* 🌐EnvironmentValues.swift in Sources */ = {isa = PBXBuildFile; fileRef = F5091F8D2A0A1C4B003F8BB3 /* 🌐EnvironmentValues.swift */; };
		F5091F912A0A1E14003F8BB3 /* 🌐EnvironmentValues.swift in CopyFiles */ = {isa = PBXBuildFile; fileRef = F5091F8D2A0A1C4B003F8BB3 /* 🌐EnvironmentValues.swift */; };
		F5119B962A0144460027A74C /* 🪧SheetCategory.swift in Sources */ = {isa = PBXBuildFile; fileRef = F5119B952A0144460027A74C /* 🪧SheetCategory.swift */; };
		F5119B972A0144460027A74C /* 🪧SheetCategory.swift in Sources */ = {isa = PBXBuildFile; fileRef = F5119B952A0144460027A74C /* 🪧SheetCategory.swift */; };
		F5119B9C2A028F330027A74C /* 🪧SheetCategory.swift in CopyFiles */ = {isa = PBXBuildFile; fileRef = F5119B952A0144460027A74C /* 🪧SheetCategory.swift */; };
		F5119B9D2A028FE10027A74C /* InfoPlist.strings in Resources */ = {isa = PBXBuildFile; fileRef = 12A925232866AA6C0035DC83 /* InfoPlist.strings */; };
		F5119B9E2A028FE10027A74C /* InfoPlist.strings in Resources */ = {isa = PBXBuildFile; fileRef = 12A925232866AA6C0035DC83 /* InfoPlist.strings */; };
		F5119BA62A0291000027A74C /* PS TV App.swift in Sources */ = {isa = PBXBuildFile; fileRef = F5119BA52A0291000027A74C /* PS TV App.swift */; };
		F5119BA82A0291000027A74C /* ContentView_tvOSApp.swift in Sources */ = {isa = PBXBuildFile; fileRef = F5119BA72A0291000027A74C /* ContentView_tvOSApp.swift */; };
		F5119BAA2A0291020027A74C /* Assets.xcassets in Resources */ = {isa = PBXBuildFile; fileRef = F5119BA92A0291020027A74C /* Assets.xcassets */; };
		F5119BB12A0292580027A74C /* 📱AppModel.swift in Sources */ = {isa = PBXBuildFile; fileRef = F5BD6A0F2A00BF4C004AD4A5 /* 📱AppModel.swift */; };
		F5119BB22A0292580027A74C /* ☖ShogiModel.swift in Sources */ = {isa = PBXBuildFile; fileRef = F5BD6A0E2A00BF4C004AD4A5 /* ☖ShogiModel.swift */; };
		F5119BB32A0292580027A74C /* 🪧SheetCategory.swift in Sources */ = {isa = PBXBuildFile; fileRef = F5119B952A0144460027A74C /* 🪧SheetCategory.swift */; };
		F5119BB42A0292580027A74C /* 💾Data.swift in Sources */ = {isa = PBXBuildFile; fileRef = F5E0549E29FB52A1004DC425 /* 💾Data.swift */; };
		F5119BB52A0292580027A74C /* 💥Feedback.swift in Sources */ = {isa = PBXBuildFile; fileRef = F52437B229F613A600EA770E /* 💥Feedback.swift */; };
		F5119BB72A0292E10027A74C /* ☖ShogiView_tvOSApp.swift in Sources */ = {isa = PBXBuildFile; fileRef = F5119BB62A0292E10027A74C /* ☖ShogiView_tvOSApp.swift */; };
		F5119BB82A0295680027A74C /* 🔠Characters.swift in Sources */ = {isa = PBXBuildFile; fileRef = F5B5578A29FF851800A14074 /* 🔠Characters.swift */; };
		F5119BBA2A029C690027A74C /* 🧰MetaData.swift in Sources */ = {isa = PBXBuildFile; fileRef = F52437B429F6499100EA770E /* 🧰MetaData.swift */; };
		F5119BBB2A029C6C0027A74C /* Localizable.strings in Resources */ = {isa = PBXBuildFile; fileRef = 124B75572810CD6D00027DCA /* Localizable.strings */; };
		F5119BBC2A029C6F0027A74C /* InfoPlist.strings in Resources */ = {isa = PBXBuildFile; fileRef = 12A925232866AA6C0035DC83 /* InfoPlist.strings */; };
		F51F037E2A00C46100F05874 /* 🛠Menu_watchOSApp.swift in Sources */ = {isa = PBXBuildFile; fileRef = F51F037D2A00C46100F05874 /* 🛠Menu_watchOSApp.swift */; };
		F51F039B2A00D03200F05874 /* WidgetKit.framework in Frameworks */ = {isa = PBXBuildFile; fileRef = F51F039A2A00D03200F05874 /* WidgetKit.framework */; };
		F51F039D2A00D03200F05874 /* SwiftUI.framework in Frameworks */ = {isa = PBXBuildFile; fileRef = F51F039C2A00D03200F05874 /* SwiftUI.framework */; };
		F51F03A02A00D03200F05874 /* PS Complication.swift in Sources */ = {isa = PBXBuildFile; fileRef = F51F039F2A00D03200F05874 /* PS Complication.swift */; };
		F51F03A62A00D03400F05874 /* PSComplicationExtension.appex in Embed Foundation Extensions */ = {isa = PBXBuildFile; fileRef = F51F03992A00D03200F05874 /* PSComplicationExtension.appex */; settings = {ATTRIBUTES = (RemoveHeadersOnCopy, ); }; };
		F51F03AB2A00D18B00F05874 /* Assets.xcassets in Resources */ = {isa = PBXBuildFile; fileRef = 128D156E280FE47F003FF480 /* Assets.xcassets */; };
		F51F03AC2A00D27400F05874 /* Localizable.strings in Resources */ = {isa = PBXBuildFile; fileRef = 124B75572810CD6D00027DCA /* Localizable.strings */; };
		F51F03AD2A01099700F05874 /* ☖ShogiModel.swift in CopyFiles */ = {isa = PBXBuildFile; fileRef = F5BD6A0E2A00BF4C004AD4A5 /* ☖ShogiModel.swift */; };
		F51F03AE2A01099700F05874 /* 📱AppModel.swift in CopyFiles */ = {isa = PBXBuildFile; fileRef = F5BD6A0F2A00BF4C004AD4A5 /* 📱AppModel.swift */; };
		F51F03AF2A01099700F05874 /* PS Watch App.swift in CopyFiles */ = {isa = PBXBuildFile; fileRef = F5D9F92A2A00BDC600CEE697 /* PS Watch App.swift */; };
		F51F03B02A01099700F05874 /* ContentView_watchOSApp.swift in CopyFiles */ = {isa = PBXBuildFile; fileRef = F5D9F92C2A00BDC600CEE697 /* ContentView_watchOSApp.swift */; };
		F51F03B12A01099700F05874 /* ☖ShogiView_watchOSApp.swift in CopyFiles */ = {isa = PBXBuildFile; fileRef = F5D9F92B2A00BDC600CEE697 /* ☖ShogiView_watchOSApp.swift */; };
		F51F03B22A01099700F05874 /* 🛠Menu_watchOSApp.swift in CopyFiles */ = {isa = PBXBuildFile; fileRef = F51F037D2A00C46100F05874 /* 🛠Menu_watchOSApp.swift */; };
		F51F03B32A01099700F05874 /* PS Complication.swift in CopyFiles */ = {isa = PBXBuildFile; fileRef = F51F039F2A00D03200F05874 /* PS Complication.swift */; };
		F52437AF29F6125A00EA770E /* 🗄️Rest.swift in Sources */ = {isa = PBXBuildFile; fileRef = F52437AE29F6125900EA770E /* 🗄️Rest.swift */; };
		F52437B329F613A600EA770E /* 💥Feedback.swift in Sources */ = {isa = PBXBuildFile; fileRef = F52437B229F613A600EA770E /* 💥Feedback.swift */; };
		F52437B529F6499100EA770E /* 🧰MetaData.swift in Sources */ = {isa = PBXBuildFile; fileRef = F52437B429F6499100EA770E /* 🧰MetaData.swift */; };
		F52437B729F64CB000EA770E /* 🪄ModifyMode.swift in CopyFiles */ = {isa = PBXBuildFile; fileRef = 127132E72873CDF20008AE46 /* 🪄ModifyMode.swift */; };
		F52437B829F64CB000EA770E /* 🛠Menu.swift in CopyFiles */ = {isa = PBXBuildFile; fileRef = 12F4444D286D4B580008A663 /* 🛠Menu.swift */; };
		F52437B929F64CB000EA770E /* 📬DropDelegate.swift in CopyFiles */ = {isa = PBXBuildFile; fileRef = 12D424412871893D002D3E80 /* 📬DropDelegate.swift */; };
		F52437BA29F64CB000EA770E /* 📜History.swift in CopyFiles */ = {isa = PBXBuildFile; fileRef = F5C9FAFE296CF7BB00B513D8 /* 📜History.swift */; };
		F52437BB29F64CB000EA770E /* 👥SharePlay.swift in CopyFiles */ = {isa = PBXBuildFile; fileRef = F5C9FB01296D0A3100B513D8 /* 👥SharePlay.swift */; };
		F52437BC29F64CB000EA770E /* 📣ADContent.swift in CopyFiles */ = {isa = PBXBuildFile; fileRef = F5BBD85F2973A7260034CCB8 /* 📣ADContent.swift */; };
		F52437BD29F64CB000EA770E /* 📃TextImportExport.swift in CopyFiles */ = {isa = PBXBuildFile; fileRef = F54C93D6295D2DE6008D1D60 /* 📃TextImportExport.swift */; };
		F52437BF29F64CB000EA770E /* 💥Feedback.swift in CopyFiles */ = {isa = PBXBuildFile; fileRef = F52437B229F613A600EA770E /* 💥Feedback.swift */; };
		F52437C029F64CB000EA770E /* 🗄️Rest.swift in CopyFiles */ = {isa = PBXBuildFile; fileRef = F52437AE29F6125900EA770E /* 🗄️Rest.swift */; };
		F52437C129F64CB000EA770E /* 🧰MetaData.swift in CopyFiles */ = {isa = PBXBuildFile; fileRef = F52437B429F6499100EA770E /* 🧰MetaData.swift */; };
		F52437C229F64CB000EA770E /* ℹ️AboutApp.swift in CopyFiles */ = {isa = PBXBuildFile; fileRef = F5BBD85A2973A68E0034CCB8 /* ℹ️AboutApp.swift */; };
		F52437C329F64CB000EA770E /* 📣AD.swift in CopyFiles */ = {isa = PBXBuildFile; fileRef = F5BBD85B2973A68E0034CCB8 /* 📣AD.swift */; };
		F52437C429F64CB000EA770E /* 🛒InAppPurchase.swift in CopyFiles */ = {isa = PBXBuildFile; fileRef = F5BBD8592973A68E0034CCB8 /* 🛒InAppPurchase.swift */; };
		F525A7D629F8FB1F001E8D5F /* ☖ShogiView.swift in Sources */ = {isa = PBXBuildFile; fileRef = F525A7D529F8FB1F001E8D5F /* ☖ShogiView.swift */; };
		F54C93D7295D2DE6008D1D60 /* 📃TextImportExport.swift in Sources */ = {isa = PBXBuildFile; fileRef = F54C93D6295D2DE6008D1D60 /* 📃TextImportExport.swift */; };
		F553013B2A0725D800E1B91D /* 🔠Characters.swift in Sources */ = {isa = PBXBuildFile; fileRef = F5B5578A29FF851800A14074 /* 🔠Characters.swift */; };
		F57D6F0729FCD60D00EA0D79 /* 🪧SheetView.swift in Sources */ = {isa = PBXBuildFile; fileRef = F57D6F0629FCD60D00EA0D79 /* 🪧SheetView.swift */; };
		F57D6F0829FD3FA200EA0D79 /* 🪧SheetView.swift in CopyFiles */ = {isa = PBXBuildFile; fileRef = F57D6F0629FCD60D00EA0D79 /* 🪧SheetView.swift */; };
		F58C48092A03EDFB006D7C55 /* 🛠Menu_tvOSApp.swift in Sources */ = {isa = PBXBuildFile; fileRef = F58C48082A03EDFB006D7C55 /* 🛠Menu_tvOSApp.swift */; };
		F58C480F2A04CA38006D7C55 /* 🪄ModifyMode_tvOSApp.swift in Sources */ = {isa = PBXBuildFile; fileRef = F58C480E2A04CA38006D7C55 /* 🪄ModifyMode_tvOSApp.swift */; };
		F5951A2028ADEEBC00516538 /* Launch Screen.storyboard in Resources */ = {isa = PBXBuildFile; fileRef = F5951A1F28ADEEBC00516538 /* Launch Screen.storyboard */; };
		F5B5578B29FF851800A14074 /* 🔠Characters.swift in Sources */ = {isa = PBXBuildFile; fileRef = F5B5578A29FF851800A14074 /* 🔠Characters.swift */; };
		F5B5578C29FFD9A600A14074 /* 🔠Characters.swift in CopyFiles */ = {isa = PBXBuildFile; fileRef = F5B5578A29FF851800A14074 /* 🔠Characters.swift */; };
		F5BBD85C2973A68E0034CCB8 /* 🛒InAppPurchase.swift in Sources */ = {isa = PBXBuildFile; fileRef = F5BBD8592973A68E0034CCB8 /* 🛒InAppPurchase.swift */; };
		F5BBD85D2973A68E0034CCB8 /* ℹ️AboutApp.swift in Sources */ = {isa = PBXBuildFile; fileRef = F5BBD85A2973A68E0034CCB8 /* ℹ️AboutApp.swift */; };
		F5BBD85E2973A68E0034CCB8 /* 📣AD.swift in Sources */ = {isa = PBXBuildFile; fileRef = F5BBD85B2973A68E0034CCB8 /* 📣AD.swift */; };
		F5BBD8602973A7260034CCB8 /* 📣ADContent.swift in Sources */ = {isa = PBXBuildFile; fileRef = F5BBD85F2973A7260034CCB8 /* 📣ADContent.swift */; };
		F5BBD8652973AA720034CCB8 /* 🌏AppStoreDescription.strings in Resources */ = {isa = PBXBuildFile; fileRef = F5BBD8672973AA720034CCB8 /* 🌏AppStoreDescription.strings */; };
		F5BBD8692973AA7B0034CCB8 /* 🌏VersionDescription.strings in Resources */ = {isa = PBXBuildFile; fileRef = F5BBD86B2973AA7B0034CCB8 /* 🌏VersionDescription.strings */; };
		F5BD6A102A00BF4C004AD4A5 /* ☖ShogiModel.swift in Sources */ = {isa = PBXBuildFile; fileRef = F5BD6A0E2A00BF4C004AD4A5 /* ☖ShogiModel.swift */; };
		F5BD6A112A00BF4C004AD4A5 /* ☖ShogiModel.swift in Sources */ = {isa = PBXBuildFile; fileRef = F5BD6A0E2A00BF4C004AD4A5 /* ☖ShogiModel.swift */; };
		F5BD6A122A00BF4C004AD4A5 /* 📱AppModel.swift in Sources */ = {isa = PBXBuildFile; fileRef = F5BD6A0F2A00BF4C004AD4A5 /* 📱AppModel.swift */; };
		F5BD6A132A00BF4C004AD4A5 /* 📱AppModel.swift in Sources */ = {isa = PBXBuildFile; fileRef = F5BD6A0F2A00BF4C004AD4A5 /* 📱AppModel.swift */; };
		F5BD6A142A00BF76004AD4A5 /* 🧰MetaData.swift in Sources */ = {isa = PBXBuildFile; fileRef = F52437B429F6499100EA770E /* 🧰MetaData.swift */; };
		F5BD6A162A00BF7D004AD4A5 /* 💾Data.swift in Sources */ = {isa = PBXBuildFile; fileRef = F5E0549E29FB52A1004DC425 /* 💾Data.swift */; };
		F5BD6A182A00BF7D004AD4A5 /* 💥Feedback.swift in Sources */ = {isa = PBXBuildFile; fileRef = F52437B229F613A600EA770E /* 💥Feedback.swift */; };
		F5BD6A192A00BF87004AD4A5 /* Assets.xcassets in Resources */ = {isa = PBXBuildFile; fileRef = 128D156E280FE47F003FF480 /* Assets.xcassets */; };
		F5BD6A1B2A00C0A0004AD4A5 /* Localizable.strings in Resources */ = {isa = PBXBuildFile; fileRef = 124B75572810CD6D00027DCA /* Localizable.strings */; };
		F5C9FAFF296CF7BB00B513D8 /* 📜History.swift in Sources */ = {isa = PBXBuildFile; fileRef = F5C9FAFE296CF7BB00B513D8 /* 📜History.swift */; };
		F5C9FB02296D0A3100B513D8 /* 👥SharePlay.swift in Sources */ = {isa = PBXBuildFile; fileRef = F5C9FB01296D0A3100B513D8 /* 👥SharePlay.swift */; };
		F5D9F9252A00BDAA00CEE697 /* Plain将棋盤.app in Embed Watch Content */ = {isa = PBXBuildFile; fileRef = F5D9F9182A00BDA800CEE697 /* Plain将棋盤.app */; platformFilter = ios; settings = {ATTRIBUTES = (RemoveHeadersOnCopy, ); }; };
		F5D9F92D2A00BDC600CEE697 /* PS Watch App.swift in Sources */ = {isa = PBXBuildFile; fileRef = F5D9F92A2A00BDC600CEE697 /* PS Watch App.swift */; };
		F5D9F92E2A00BDC600CEE697 /* ☖ShogiView_watchOSApp.swift in Sources */ = {isa = PBXBuildFile; fileRef = F5D9F92B2A00BDC600CEE697 /* ☖ShogiView_watchOSApp.swift */; };
		F5D9F92F2A00BDC600CEE697 /* ContentView_watchOSApp.swift in Sources */ = {isa = PBXBuildFile; fileRef = F5D9F92C2A00BDC600CEE697 /* ContentView_watchOSApp.swift */; };
		F5E0549F29FB52A1004DC425 /* 💾Data.swift in Sources */ = {isa = PBXBuildFile; fileRef = F5E0549E29FB52A1004DC425 /* 💾Data.swift */; };
		F5E054A029FB678D004DC425 /* ☖ShogiView.swift in CopyFiles */ = {isa = PBXBuildFile; fileRef = F525A7D529F8FB1F001E8D5F /* ☖ShogiView.swift */; };
		F5E054A129FB678D004DC425 /* 💾Data.swift in CopyFiles */ = {isa = PBXBuildFile; fileRef = F5E0549E29FB52A1004DC425 /* 💾Data.swift */; };
/* End PBXBuildFile section */

/* Begin PBXContainerItemProxy section */
		F51F03A42A00D03400F05874 /* PBXContainerItemProxy */ = {
			isa = PBXContainerItemProxy;
			containerPortal = 128D155F280FE47E003FF480 /* Project object */;
			proxyType = 1;
			remoteGlobalIDString = F51F03982A00D03200F05874;
			remoteInfo = PSComplicationExtension;
		};
		F5D9F9232A00BDAA00CEE697 /* PBXContainerItemProxy */ = {
			isa = PBXContainerItemProxy;
			containerPortal = 128D155F280FE47E003FF480 /* Project object */;
			proxyType = 1;
			remoteGlobalIDString = F5D9F9172A00BDA800CEE697;
			remoteInfo = "PS Watch App";
		};
/* End PBXContainerItemProxy section */

/* Begin PBXCopyFilesBuildPhase section */
		1203630D2865E1B400636EBD /* CopyFiles */ = {
			isa = PBXCopyFilesBuildPhase;
			buildActionMask = 2147483647;
			dstPath = "📁SourceCode";
			dstSubfolderSpec = 7;
			files = (
				F5091F912A0A1E14003F8BB3 /* 🌐EnvironmentValues.swift in CopyFiles */,
				F5091F8C2A0A1A66003F8BB3 /* 🧾BoardPreview.swift in CopyFiles */,
				F5119B9C2A028F330027A74C /* 🪧SheetCategory.swift in CopyFiles */,
				F51F03AD2A01099700F05874 /* ☖ShogiModel.swift in CopyFiles */,
				F51F03AE2A01099700F05874 /* 📱AppModel.swift in CopyFiles */,
				F51F03AF2A01099700F05874 /* PS Watch App.swift in CopyFiles */,
				F51F03B02A01099700F05874 /* ContentView_watchOSApp.swift in CopyFiles */,
				F51F03B12A01099700F05874 /* ☖ShogiView_watchOSApp.swift in CopyFiles */,
				F51F03B22A01099700F05874 /* 🛠Menu_watchOSApp.swift in CopyFiles */,
				F51F03B32A01099700F05874 /* PS Complication.swift in CopyFiles */,
				F5B5578C29FFD9A600A14074 /* 🔠Characters.swift in CopyFiles */,
				F57D6F0829FD3FA200EA0D79 /* 🪧SheetView.swift in CopyFiles */,
				F5E054A029FB678D004DC425 /* ☖ShogiView.swift in CopyFiles */,
				F5E054A129FB678D004DC425 /* 💾Data.swift in CopyFiles */,
				F52437B729F64CB000EA770E /* 🪄ModifyMode.swift in CopyFiles */,
				F52437B829F64CB000EA770E /* 🛠Menu.swift in CopyFiles */,
				F52437B929F64CB000EA770E /* 📬DropDelegate.swift in CopyFiles */,
				F52437BA29F64CB000EA770E /* 📜History.swift in CopyFiles */,
				F52437BB29F64CB000EA770E /* 👥SharePlay.swift in CopyFiles */,
				F52437BC29F64CB000EA770E /* 📣ADContent.swift in CopyFiles */,
				F52437BD29F64CB000EA770E /* 📃TextImportExport.swift in CopyFiles */,
				F52437BF29F64CB000EA770E /* 💥Feedback.swift in CopyFiles */,
				F52437C029F64CB000EA770E /* 🗄️Rest.swift in CopyFiles */,
				F52437C129F64CB000EA770E /* 🧰MetaData.swift in CopyFiles */,
				F52437C229F64CB000EA770E /* ℹ️AboutApp.swift in CopyFiles */,
				F52437C329F64CB000EA770E /* 📣AD.swift in CopyFiles */,
				F52437C429F64CB000EA770E /* 🛒InAppPurchase.swift in CopyFiles */,
				120363132865E20200636EBD /* Plain将棋盤App.swift in CopyFiles */,
				120363142865E20200636EBD /* ContentView.swift in CopyFiles */,
			);
			runOnlyForDeploymentPostprocessing = 0;
		};
		F51F03A72A00D03400F05874 /* Embed Foundation Extensions */ = {
			isa = PBXCopyFilesBuildPhase;
			buildActionMask = 2147483647;
			dstPath = "";
			dstSubfolderSpec = 13;
			files = (
				F51F03A62A00D03400F05874 /* PSComplicationExtension.appex in Embed Foundation Extensions */,
			);
			name = "Embed Foundation Extensions";
			runOnlyForDeploymentPostprocessing = 0;
		};
		F5D9F9262A00BDAA00CEE697 /* Embed Watch Content */ = {
			isa = PBXCopyFilesBuildPhase;
			buildActionMask = 2147483647;
			dstPath = "$(CONTENTS_FOLDER_PATH)/Watch";
			dstSubfolderSpec = 16;
			files = (
				F5D9F9252A00BDAA00CEE697 /* Plain将棋盤.app in Embed Watch Content */,
			);
			name = "Embed Watch Content";
			runOnlyForDeploymentPostprocessing = 0;
		};
/* End PBXCopyFilesBuildPhase section */

/* Begin PBXFileReference section */
		124B75562810CD6D00027DCA /* en */ = {isa = PBXFileReference; lastKnownFileType = text.plist.strings; name = en; path = en.lproj/Localizable.strings; sourceTree = "<group>"; };
		124B75582810CD8100027DCA /* ja */ = {isa = PBXFileReference; lastKnownFileType = text.plist.strings; name = ja; path = ja.lproj/Localizable.strings; sourceTree = "<group>"; };
		127132E72873CDF20008AE46 /* 🪄ModifyMode.swift */ = {isa = PBXFileReference; lastKnownFileType = sourcecode.swift; path = "🪄ModifyMode.swift"; sourceTree = "<group>"; };
		128D1567280FE47E003FF480 /* 将棋盤.app */ = {isa = PBXFileReference; explicitFileType = wrapper.application; includeInIndex = 0; path = "将棋盤.app"; sourceTree = BUILT_PRODUCTS_DIR; };
		128D156A280FE47E003FF480 /* Plain将棋盤App.swift */ = {isa = PBXFileReference; lastKnownFileType = sourcecode.swift; path = "Plain将棋盤App.swift"; sourceTree = "<group>"; };
		128D156C280FE47E003FF480 /* ContentView.swift */ = {isa = PBXFileReference; lastKnownFileType = sourcecode.swift; path = ContentView.swift; sourceTree = "<group>"; };
		128D156E280FE47F003FF480 /* Assets.xcassets */ = {isa = PBXFileReference; lastKnownFileType = folder.assetcatalog; name = Assets.xcassets; path = PlainShogi/Assets.xcassets; sourceTree = "<group>"; };
		12A9251D2866A8960035DC83 /* StoreKit.framework */ = {isa = PBXFileReference; lastKnownFileType = wrapper.framework; name = StoreKit.framework; path = System/Library/Frameworks/StoreKit.framework; sourceTree = SDKROOT; };
		12A925222866AA6C0035DC83 /* en */ = {isa = PBXFileReference; lastKnownFileType = text.plist.strings; name = en; path = en.lproj/InfoPlist.strings; sourceTree = "<group>"; };
		12A925242866AA6F0035DC83 /* ja */ = {isa = PBXFileReference; lastKnownFileType = text.plist.strings; name = ja; path = ja.lproj/InfoPlist.strings; sourceTree = "<group>"; };
		12D198532810DD6500CE6578 /* README.md */ = {isa = PBXFileReference; lastKnownFileType = net.daringfireball.markdown; path = README.md; sourceTree = "<group>"; };
		12D424412871893D002D3E80 /* 📬DropDelegate.swift */ = {isa = PBXFileReference; lastKnownFileType = sourcecode.swift; path = "📬DropDelegate.swift"; sourceTree = "<group>"; };
		12D4369C2865CD8300B707F5 /* Configuration.storekit */ = {isa = PBXFileReference; fileEncoding = 4; lastKnownFileType = text; path = Configuration.storekit; sourceTree = "<group>"; };
		12F4444D286D4B580008A663 /* 🛠Menu.swift */ = {isa = PBXFileReference; lastKnownFileType = sourcecode.swift; path = "🛠Menu.swift"; sourceTree = "<group>"; };
		F5019FD2296ABBBD007CB14D /* memo.md */ = {isa = PBXFileReference; lastKnownFileType = net.daringfireball.markdown; path = memo.md; sourceTree = "<group>"; };
		F5091F882A0A1466003F8BB3 /* 🧾BoardPreview.swift */ = {isa = PBXFileReference; lastKnownFileType = sourcecode.swift; path = "🧾BoardPreview.swift"; sourceTree = "<group>"; };
		F5091F8D2A0A1C4B003F8BB3 /* 🌐EnvironmentValues.swift */ = {isa = PBXFileReference; lastKnownFileType = sourcecode.swift; path = "🌐EnvironmentValues.swift"; sourceTree = "<group>"; };
		F5119B952A0144460027A74C /* 🪧SheetCategory.swift */ = {isa = PBXFileReference; lastKnownFileType = sourcecode.swift; path = "🪧SheetCategory.swift"; sourceTree = "<group>"; };
		F5119BA32A0291000027A74C /* PS TV App.app */ = {isa = PBXFileReference; explicitFileType = wrapper.application; includeInIndex = 0; path = "PS TV App.app"; sourceTree = BUILT_PRODUCTS_DIR; };
		F5119BA52A0291000027A74C /* PS TV App.swift */ = {isa = PBXFileReference; lastKnownFileType = sourcecode.swift; path = "PS TV App.swift"; sourceTree = "<group>"; };
		F5119BA72A0291000027A74C /* ContentView_tvOSApp.swift */ = {isa = PBXFileReference; lastKnownFileType = sourcecode.swift; path = ContentView_tvOSApp.swift; sourceTree = "<group>"; };
		F5119BA92A0291020027A74C /* Assets.xcassets */ = {isa = PBXFileReference; lastKnownFileType = folder.assetcatalog; path = Assets.xcassets; sourceTree = "<group>"; };
		F5119BB62A0292E10027A74C /* ☖ShogiView_tvOSApp.swift */ = {isa = PBXFileReference; lastKnownFileType = sourcecode.swift; path = "☖ShogiView_tvOSApp.swift"; sourceTree = "<group>"; };
		F5119BB92A029B570027A74C /* PS TV App.entitlements */ = {isa = PBXFileReference; lastKnownFileType = text.plist.entitlements; path = "PS TV App.entitlements"; sourceTree = "<group>"; };
		F51F037D2A00C46100F05874 /* 🛠Menu_watchOSApp.swift */ = {isa = PBXFileReference; lastKnownFileType = sourcecode.swift; path = "🛠Menu_watchOSApp.swift"; sourceTree = "<group>"; };
		F51F03992A00D03200F05874 /* PSComplicationExtension.appex */ = {isa = PBXFileReference; explicitFileType = "wrapper.app-extension"; includeInIndex = 0; path = PSComplicationExtension.appex; sourceTree = BUILT_PRODUCTS_DIR; };
		F51F039A2A00D03200F05874 /* WidgetKit.framework */ = {isa = PBXFileReference; lastKnownFileType = wrapper.framework; name = WidgetKit.framework; path = System/Library/Frameworks/WidgetKit.framework; sourceTree = SDKROOT; };
		F51F039C2A00D03200F05874 /* SwiftUI.framework */ = {isa = PBXFileReference; lastKnownFileType = wrapper.framework; name = SwiftUI.framework; path = System/Library/Frameworks/SwiftUI.framework; sourceTree = SDKROOT; };
		F51F039F2A00D03200F05874 /* PS Complication.swift */ = {isa = PBXFileReference; lastKnownFileType = sourcecode.swift; path = "PS Complication.swift"; sourceTree = "<group>"; };
		F51F03A32A00D03400F05874 /* Info.plist */ = {isa = PBXFileReference; lastKnownFileType = text.plist.xml; path = Info.plist; sourceTree = "<group>"; };
		F52437AE29F6125900EA770E /* 🗄️Rest.swift */ = {isa = PBXFileReference; lastKnownFileType = sourcecode.swift; path = "🗄️Rest.swift"; sourceTree = "<group>"; };
		F52437B229F613A600EA770E /* 💥Feedback.swift */ = {isa = PBXFileReference; lastKnownFileType = sourcecode.swift; path = "💥Feedback.swift"; sourceTree = "<group>"; };
		F52437B429F6499100EA770E /* 🧰MetaData.swift */ = {isa = PBXFileReference; fileEncoding = 4; lastKnownFileType = sourcecode.swift; path = "🧰MetaData.swift"; sourceTree = "<group>"; };
		F525A7D529F8FB1F001E8D5F /* ☖ShogiView.swift */ = {isa = PBXFileReference; lastKnownFileType = sourcecode.swift; path = "☖ShogiView.swift"; sourceTree = "<group>"; };
		F54C93D6295D2DE6008D1D60 /* 📃TextImportExport.swift */ = {isa = PBXFileReference; lastKnownFileType = sourcecode.swift; path = "📃TextImportExport.swift"; sourceTree = "<group>"; };
		F553013F2A074CA200E1B91D /* Info.plist */ = {isa = PBXFileReference; lastKnownFileType = text.plist.xml; path = Info.plist; sourceTree = "<group>"; };
		F57D6F0629FCD60D00EA0D79 /* 🪧SheetView.swift */ = {isa = PBXFileReference; lastKnownFileType = sourcecode.swift; path = "🪧SheetView.swift"; sourceTree = "<group>"; };
		F58C48082A03EDFB006D7C55 /* 🛠Menu_tvOSApp.swift */ = {isa = PBXFileReference; lastKnownFileType = sourcecode.swift; path = "🛠Menu_tvOSApp.swift"; sourceTree = "<group>"; };
		F58C480E2A04CA38006D7C55 /* 🪄ModifyMode_tvOSApp.swift */ = {isa = PBXFileReference; lastKnownFileType = sourcecode.swift; path = "🪄ModifyMode_tvOSApp.swift"; sourceTree = "<group>"; };
		F5951A1F28ADEEBC00516538 /* Launch Screen.storyboard */ = {isa = PBXFileReference; fileEncoding = 4; lastKnownFileType = file.storyboard; path = "Launch Screen.storyboard"; sourceTree = "<group>"; };
		F5B5578A29FF851800A14074 /* 🔠Characters.swift */ = {isa = PBXFileReference; lastKnownFileType = sourcecode.swift; path = "🔠Characters.swift"; sourceTree = "<group>"; };
		F5BBD8592973A68E0034CCB8 /* 🛒InAppPurchase.swift */ = {isa = PBXFileReference; fileEncoding = 4; lastKnownFileType = sourcecode.swift; path = "🛒InAppPurchase.swift"; sourceTree = "<group>"; };
		F5BBD85A2973A68E0034CCB8 /* ℹ️AboutApp.swift */ = {isa = PBXFileReference; fileEncoding = 4; lastKnownFileType = sourcecode.swift; path = "ℹ️AboutApp.swift"; sourceTree = "<group>"; };
		F5BBD85B2973A68E0034CCB8 /* 📣AD.swift */ = {isa = PBXFileReference; fileEncoding = 4; lastKnownFileType = sourcecode.swift; path = "📣AD.swift"; sourceTree = "<group>"; };
		F5BBD85F2973A7260034CCB8 /* 📣ADContent.swift */ = {isa = PBXFileReference; fileEncoding = 4; lastKnownFileType = sourcecode.swift; path = "📣ADContent.swift"; sourceTree = "<group>"; };
		F5BBD8662973AA720034CCB8 /* en */ = {isa = PBXFileReference; lastKnownFileType = text.plist.strings; name = en; path = "en.lproj/🌏AppStoreDescription.strings"; sourceTree = "<group>"; };
		F5BBD8682973AA760034CCB8 /* ja */ = {isa = PBXFileReference; lastKnownFileType = text.plist.strings; name = ja; path = "ja.lproj/🌏AppStoreDescription.strings"; sourceTree = "<group>"; };
		F5BBD86A2973AA7B0034CCB8 /* en */ = {isa = PBXFileReference; lastKnownFileType = text.plist.strings; name = en; path = "en.lproj/🌏VersionDescription.strings"; sourceTree = "<group>"; };
		F5BBD86C2973AA7E0034CCB8 /* ja */ = {isa = PBXFileReference; lastKnownFileType = text.plist.strings; name = ja; path = "ja.lproj/🌏VersionDescription.strings"; sourceTree = "<group>"; };
		F5BBEB662973A4040064F0EF /* Info.plist */ = {isa = PBXFileReference; lastKnownFileType = text.plist.xml; path = Info.plist; sourceTree = "<group>"; };
		F5BD6A0E2A00BF4C004AD4A5 /* ☖ShogiModel.swift */ = {isa = PBXFileReference; fileEncoding = 4; lastKnownFileType = sourcecode.swift; path = "☖ShogiModel.swift"; sourceTree = "<group>"; };
		F5BD6A0F2A00BF4C004AD4A5 /* 📱AppModel.swift */ = {isa = PBXFileReference; fileEncoding = 4; lastKnownFileType = sourcecode.swift; path = "📱AppModel.swift"; sourceTree = "<group>"; };
		F5BD6A1A2A00C007004AD4A5 /* PS Watch App.entitlements */ = {isa = PBXFileReference; lastKnownFileType = text.plist.entitlements; path = "PS Watch App.entitlements"; sourceTree = "<group>"; };
		F5C9FAFE296CF7BB00B513D8 /* 📜History.swift */ = {isa = PBXFileReference; lastKnownFileType = sourcecode.swift; path = "📜History.swift"; sourceTree = "<group>"; };
		F5C9FB00296CFF7A00B513D8 /* PlainShogi.entitlements */ = {isa = PBXFileReference; lastKnownFileType = text.plist.entitlements; path = PlainShogi.entitlements; sourceTree = "<group>"; };
		F5C9FB01296D0A3100B513D8 /* 👥SharePlay.swift */ = {isa = PBXFileReference; lastKnownFileType = sourcecode.swift; path = "👥SharePlay.swift"; sourceTree = "<group>"; };
		F5D9F9182A00BDA800CEE697 /* Plain将棋盤.app */ = {isa = PBXFileReference; explicitFileType = wrapper.application; includeInIndex = 0; path = "Plain将棋盤.app"; sourceTree = BUILT_PRODUCTS_DIR; };
		F5D9F92A2A00BDC600CEE697 /* PS Watch App.swift */ = {isa = PBXFileReference; fileEncoding = 4; lastKnownFileType = sourcecode.swift; path = "PS Watch App.swift"; sourceTree = "<group>"; };
		F5D9F92B2A00BDC600CEE697 /* ☖ShogiView_watchOSApp.swift */ = {isa = PBXFileReference; fileEncoding = 4; lastKnownFileType = sourcecode.swift; path = "☖ShogiView_watchOSApp.swift"; sourceTree = "<group>"; };
		F5D9F92C2A00BDC600CEE697 /* ContentView_watchOSApp.swift */ = {isa = PBXFileReference; fileEncoding = 4; lastKnownFileType = sourcecode.swift; path = ContentView_watchOSApp.swift; sourceTree = "<group>"; };
		F5E0549E29FB52A1004DC425 /* 💾Data.swift */ = {isa = PBXFileReference; lastKnownFileType = sourcecode.swift; path = "💾Data.swift"; sourceTree = "<group>"; };
/* End PBXFileReference section */

/* Begin PBXFrameworksBuildPhase section */
		128D1564280FE47E003FF480 /* Frameworks */ = {
			isa = PBXFrameworksBuildPhase;
			buildActionMask = 2147483647;
			files = (
				12A9251E2866A8960035DC83 /* StoreKit.framework in Frameworks */,
			);
			runOnlyForDeploymentPostprocessing = 0;
		};
		F5119BA02A0291000027A74C /* Frameworks */ = {
			isa = PBXFrameworksBuildPhase;
			buildActionMask = 2147483647;
			files = (
			);
			runOnlyForDeploymentPostprocessing = 0;
		};
		F51F03962A00D03200F05874 /* Frameworks */ = {
			isa = PBXFrameworksBuildPhase;
			buildActionMask = 2147483647;
			files = (
				F51F039D2A00D03200F05874 /* SwiftUI.framework in Frameworks */,
				F51F039B2A00D03200F05874 /* WidgetKit.framework in Frameworks */,
			);
			runOnlyForDeploymentPostprocessing = 0;
		};
		F5D9F9152A00BDA800CEE697 /* Frameworks */ = {
			isa = PBXFrameworksBuildPhase;
			buildActionMask = 2147483647;
			files = (
			);
			runOnlyForDeploymentPostprocessing = 0;
		};
/* End PBXFrameworksBuildPhase section */

/* Begin PBXGroup section */
		128D155E280FE47E003FF480 = {
			isa = PBXGroup;
			children = (
				12D198532810DD6500CE6578 /* README.md */,
				F5D9F9AF2A00BE1F00CEE697 /* Shared */,
				128D1569280FE47E003FF480 /* PlainShogi */,
				128D156E280FE47F003FF480 /* Assets.xcassets */,
				F5D9F9192A00BDA900CEE697 /* PS Watch App */,
				F51F039E2A00D03200F05874 /* PS Complication */,
				F5119BA42A0291000027A74C /* PS TV App */,
				128D1568280FE47E003FF480 /* Products */,
				12A9251C2866A8960035DC83 /* Frameworks */,
			);
			sourceTree = "<group>";
		};
		128D1568280FE47E003FF480 /* Products */ = {
			isa = PBXGroup;
			children = (
				128D1567280FE47E003FF480 /* 将棋盤.app */,
				F5D9F9182A00BDA800CEE697 /* Plain将棋盤.app */,
				F51F03992A00D03200F05874 /* PSComplicationExtension.appex */,
				F5119BA32A0291000027A74C /* PS TV App.app */,
			);
			name = Products;
			sourceTree = "<group>";
		};
		128D1569280FE47E003FF480 /* PlainShogi */ = {
			isa = PBXGroup;
			children = (
				128D156A280FE47E003FF480 /* Plain将棋盤App.swift */,
				128D156C280FE47E003FF480 /* ContentView.swift */,
				12D436992865CD6D00B707F5 /* 🧩Sub */,
				12A925252866AB9F0035DC83 /* 🌏Localization */,
			);
			path = PlainShogi;
			sourceTree = "<group>";
		};
		12A9251C2866A8960035DC83 /* Frameworks */ = {
			isa = PBXGroup;
			children = (
				12A9251D2866A8960035DC83 /* StoreKit.framework */,
				F51F039A2A00D03200F05874 /* WidgetKit.framework */,
				F51F039C2A00D03200F05874 /* SwiftUI.framework */,
			);
			name = Frameworks;
			sourceTree = "<group>";
		};
		12A925252866AB9F0035DC83 /* 🌏Localization */ = {
			isa = PBXGroup;
			children = (
				124B75572810CD6D00027DCA /* Localizable.strings */,
				12A925232866AA6C0035DC83 /* InfoPlist.strings */,
				F5BBD8672973AA720034CCB8 /* 🌏AppStoreDescription.strings */,
				F5BBD86B2973AA7B0034CCB8 /* 🌏VersionDescription.strings */,
			);
			path = "🌏Localization";
			sourceTree = "<group>";
		};
		12D4368B2865CD5E00B707F5 /* 🧰Others */ = {
			isa = PBXGroup;
			children = (
				F52437B429F6499100EA770E /* 🧰MetaData.swift */,
				F5BBD85A2973A68E0034CCB8 /* ℹ️AboutApp.swift */,
				F5BBD85B2973A68E0034CCB8 /* 📣AD.swift */,
				F5BBD8592973A68E0034CCB8 /* 🛒InAppPurchase.swift */,
			);
			path = "🧰Others";
			sourceTree = "<group>";
		};
		12D436992865CD6D00B707F5 /* 🧩Sub */ = {
			isa = PBXGroup;
			children = (
				F525A7D529F8FB1F001E8D5F /* ☖ShogiView.swift */,
				12F4444D286D4B580008A663 /* 🛠Menu.swift */,
				F57D6F0629FCD60D00EA0D79 /* 🪧SheetView.swift */,
				12D424412871893D002D3E80 /* 📬DropDelegate.swift */,
				127132E72873CDF20008AE46 /* 🪄ModifyMode.swift */,
				F5C9FAFE296CF7BB00B513D8 /* 📜History.swift */,
				F5C9FB01296D0A3100B513D8 /* 👥SharePlay.swift */,
				F5BBD85F2973A7260034CCB8 /* 📣ADContent.swift */,
				F54C93D6295D2DE6008D1D60 /* 📃TextImportExport.swift */,
				F52437AE29F6125900EA770E /* 🗄️Rest.swift */,
				F5BBEB662973A4040064F0EF /* Info.plist */,
				F5C9FB00296CFF7A00B513D8 /* PlainShogi.entitlements */,
				F5951A1F28ADEEBC00516538 /* Launch Screen.storyboard */,
				12D4369C2865CD8300B707F5 /* Configuration.storekit */,
				F5019FD2296ABBBD007CB14D /* memo.md */,
				12D4368B2865CD5E00B707F5 /* 🧰Others */,
			);
			path = "🧩Sub";
			sourceTree = "<group>";
		};
		F5119BA42A0291000027A74C /* PS TV App */ = {
			isa = PBXGroup;
			children = (
				F5119BA52A0291000027A74C /* PS TV App.swift */,
				F5119BA72A0291000027A74C /* ContentView_tvOSApp.swift */,
				F5119BB62A0292E10027A74C /* ☖ShogiView_tvOSApp.swift */,
				F58C48082A03EDFB006D7C55 /* 🛠Menu_tvOSApp.swift */,
				F58C480E2A04CA38006D7C55 /* 🪄ModifyMode_tvOSApp.swift */,
				F5119BB92A029B570027A74C /* PS TV App.entitlements */,
				F553013F2A074CA200E1B91D /* Info.plist */,
				F5119BA92A0291020027A74C /* Assets.xcassets */,
			);
			path = "PS TV App";
			sourceTree = "<group>";
		};
		F51F039E2A00D03200F05874 /* PS Complication */ = {
			isa = PBXGroup;
			children = (
				F51F039F2A00D03200F05874 /* PS Complication.swift */,
				F51F03A32A00D03400F05874 /* Info.plist */,
			);
			path = "PS Complication";
			sourceTree = "<group>";
		};
		F5D9F9192A00BDA900CEE697 /* PS Watch App */ = {
			isa = PBXGroup;
			children = (
				F5D9F92A2A00BDC600CEE697 /* PS Watch App.swift */,
				F5D9F92C2A00BDC600CEE697 /* ContentView_watchOSApp.swift */,
				F5D9F92B2A00BDC600CEE697 /* ☖ShogiView_watchOSApp.swift */,
				F51F037D2A00C46100F05874 /* 🛠Menu_watchOSApp.swift */,
				F5BD6A1A2A00C007004AD4A5 /* PS Watch App.entitlements */,
			);
			path = "PS Watch App";
			sourceTree = "<group>";
		};
		F5D9F9AF2A00BE1F00CEE697 /* Shared */ = {
			isa = PBXGroup;
			children = (
				F5BD6A0E2A00BF4C004AD4A5 /* ☖ShogiModel.swift */,
				F5BD6A0F2A00BF4C004AD4A5 /* 📱AppModel.swift */,
				F5E0549E29FB52A1004DC425 /* 💾Data.swift */,
				F52437B229F613A600EA770E /* 💥Feedback.swift */,
				F5119B952A0144460027A74C /* 🪧SheetCategory.swift */,
				F5B5578A29FF851800A14074 /* 🔠Characters.swift */,
				F5091F882A0A1466003F8BB3 /* 🧾BoardPreview.swift */,
				F5091F8D2A0A1C4B003F8BB3 /* 🌐EnvironmentValues.swift */,
			);
			path = Shared;
			sourceTree = "<group>";
		};
/* End PBXGroup section */

/* Begin PBXNativeTarget section */
		128D1566280FE47E003FF480 /* PlainShogi */ = {
			isa = PBXNativeTarget;
			buildConfigurationList = 128D1575280FE47F003FF480 /* Build configuration list for PBXNativeTarget "PlainShogi" */;
			buildPhases = (
				128D1563280FE47E003FF480 /* Sources */,
				128D1564280FE47E003FF480 /* Frameworks */,
				128D1565280FE47E003FF480 /* Resources */,
				1203630D2865E1B400636EBD /* CopyFiles */,
				F5D9F9262A00BDAA00CEE697 /* Embed Watch Content */,
			);
			buildRules = (
			);
			dependencies = (
				F5D9F9242A00BDAA00CEE697 /* PBXTargetDependency */,
			);
			name = PlainShogi;
			productName = PlainShougi;
			productReference = 128D1567280FE47E003FF480 /* 将棋盤.app */;
			productType = "com.apple.product-type.application";
		};
		F5119BA22A0291000027A74C /* PS TV App */ = {
			isa = PBXNativeTarget;
			buildConfigurationList = F5119BB02A0291020027A74C /* Build configuration list for PBXNativeTarget "PS TV App" */;
			buildPhases = (
				F5119B9F2A0291000027A74C /* Sources */,
				F5119BA02A0291000027A74C /* Frameworks */,
				F5119BA12A0291000027A74C /* Resources */,
			);
			buildRules = (
			);
			dependencies = (
			);
			name = "PS TV App";
			productName = "PS TV App";
			productReference = F5119BA32A0291000027A74C /* PS TV App.app */;
			productType = "com.apple.product-type.application";
		};
		F51F03982A00D03200F05874 /* PSComplicationExtension */ = {
			isa = PBXNativeTarget;
			buildConfigurationList = F51F03AA2A00D03400F05874 /* Build configuration list for PBXNativeTarget "PSComplicationExtension" */;
			buildPhases = (
				F51F03952A00D03200F05874 /* Sources */,
				F51F03962A00D03200F05874 /* Frameworks */,
				F51F03972A00D03200F05874 /* Resources */,
			);
			buildRules = (
			);
			dependencies = (
			);
			name = PSComplicationExtension;
			productName = PSComplicationExtension;
			productReference = F51F03992A00D03200F05874 /* PSComplicationExtension.appex */;
			productType = "com.apple.product-type.app-extension";
		};
		F5D9F9172A00BDA800CEE697 /* PS Watch App */ = {
			isa = PBXNativeTarget;
			buildConfigurationList = F5D9F9292A00BDAA00CEE697 /* Build configuration list for PBXNativeTarget "PS Watch App" */;
			buildPhases = (
				F5D9F9142A00BDA800CEE697 /* Sources */,
				F5D9F9152A00BDA800CEE697 /* Frameworks */,
				F5D9F9162A00BDA800CEE697 /* Resources */,
				F51F03A72A00D03400F05874 /* Embed Foundation Extensions */,
			);
			buildRules = (
			);
			dependencies = (
				F51F03A52A00D03400F05874 /* PBXTargetDependency */,
			);
			name = "PS Watch App";
			productName = "PS Watch App";
			productReference = F5D9F9182A00BDA800CEE697 /* Plain将棋盤.app */;
			productType = "com.apple.product-type.application";
		};
/* End PBXNativeTarget section */

/* Begin PBXProject section */
		128D155F280FE47E003FF480 /* Project object */ = {
			isa = PBXProject;
			attributes = {
				BuildIndependentTargetsInParallel = 1;
				LastSwiftUpdateCheck = 1430;
				LastUpgradeCheck = 1340;
				TargetAttributes = {
					128D1566280FE47E003FF480 = {
						CreatedOnToolsVersion = 13.3;
					};
					F5119BA22A0291000027A74C = {
						CreatedOnToolsVersion = 14.3;
					};
					F51F03982A00D03200F05874 = {
						CreatedOnToolsVersion = 14.3;
					};
					F5D9F9172A00BDA800CEE697 = {
						CreatedOnToolsVersion = 14.3;
					};
				};
			};
			buildConfigurationList = 128D1562280FE47E003FF480 /* Build configuration list for PBXProject "PlainShogi" */;
			compatibilityVersion = "Xcode 13.0";
			developmentRegion = en;
			hasScannedForEncodings = 0;
			knownRegions = (
				en,
				Base,
				ja,
			);
			mainGroup = 128D155E280FE47E003FF480;
			productRefGroup = 128D1568280FE47E003FF480 /* Products */;
			projectDirPath = "";
			projectRoot = "";
			targets = (
				128D1566280FE47E003FF480 /* PlainShogi */,
				F5D9F9172A00BDA800CEE697 /* PS Watch App */,
				F51F03982A00D03200F05874 /* PSComplicationExtension */,
				F5119BA22A0291000027A74C /* PS TV App */,
			);
		};
/* End PBXProject section */

/* Begin PBXResourcesBuildPhase section */
		128D1565280FE47E003FF480 /* Resources */ = {
			isa = PBXResourcesBuildPhase;
			buildActionMask = 2147483647;
			files = (
				F5951A2028ADEEBC00516538 /* Launch Screen.storyboard in Resources */,
				F5BBD8652973AA720034CCB8 /* 🌏AppStoreDescription.strings in Resources */,
				12D436A42865CD8400B707F5 /* Configuration.storekit in Resources */,
				124B75552810CD6D00027DCA /* Localizable.strings in Resources */,
				F5BBD8692973AA7B0034CCB8 /* 🌏VersionDescription.strings in Resources */,
				128D156F280FE47F003FF480 /* Assets.xcassets in Resources */,
				12A925212866AA6C0035DC83 /* InfoPlist.strings in Resources */,
			);
			runOnlyForDeploymentPostprocessing = 0;
		};
		F5119BA12A0291000027A74C /* Resources */ = {
			isa = PBXResourcesBuildPhase;
			buildActionMask = 2147483647;
			files = (
				F5119BAA2A0291020027A74C /* Assets.xcassets in Resources */,
				F5119BBC2A029C6F0027A74C /* InfoPlist.strings in Resources */,
				F5119BBB2A029C6C0027A74C /* Localizable.strings in Resources */,
			);
			runOnlyForDeploymentPostprocessing = 0;
		};
		F51F03972A00D03200F05874 /* Resources */ = {
			isa = PBXResourcesBuildPhase;
			buildActionMask = 2147483647;
			files = (
				F51F03AB2A00D18B00F05874 /* Assets.xcassets in Resources */,
				F5119B9E2A028FE10027A74C /* InfoPlist.strings in Resources */,
				F51F03AC2A00D27400F05874 /* Localizable.strings in Resources */,
			);
			runOnlyForDeploymentPostprocessing = 0;
		};
		F5D9F9162A00BDA800CEE697 /* Resources */ = {
			isa = PBXResourcesBuildPhase;
			buildActionMask = 2147483647;
			files = (
				F5BD6A192A00BF87004AD4A5 /* Assets.xcassets in Resources */,
				F5119B9D2A028FE10027A74C /* InfoPlist.strings in Resources */,
				F5BD6A1B2A00C0A0004AD4A5 /* Localizable.strings in Resources */,
			);
			runOnlyForDeploymentPostprocessing = 0;
		};
/* End PBXResourcesBuildPhase section */

/* Begin PBXSourcesBuildPhase section */
		128D1563280FE47E003FF480 /* Sources */ = {
			isa = PBXSourcesBuildPhase;
			buildActionMask = 2147483647;
			files = (
				F5BBD85C2973A68E0034CCB8 /* 🛒InAppPurchase.swift in Sources */,
				F5BD6A122A00BF4C004AD4A5 /* 📱AppModel.swift in Sources */,
				F5119B962A0144460027A74C /* 🪧SheetCategory.swift in Sources */,
				128D156D280FE47E003FF480 /* ContentView.swift in Sources */,
				F5B5578B29FF851800A14074 /* 🔠Characters.swift in Sources */,
				F5BBD8602973A7260034CCB8 /* 📣ADContent.swift in Sources */,
				F52437AF29F6125A00EA770E /* 🗄️Rest.swift in Sources */,
				F5091F8E2A0A1C4B003F8BB3 /* 🌐EnvironmentValues.swift in Sources */,
				F52437B529F6499100EA770E /* 🧰MetaData.swift in Sources */,
				F5BBD85E2973A68E0034CCB8 /* 📣AD.swift in Sources */,
				F52437B329F613A600EA770E /* 💥Feedback.swift in Sources */,
				128D156B280FE47E003FF480 /* Plain将棋盤App.swift in Sources */,
				F5BD6A102A00BF4C004AD4A5 /* ☖ShogiModel.swift in Sources */,
				F525A7D629F8FB1F001E8D5F /* ☖ShogiView.swift in Sources */,
				F5091F892A0A1466003F8BB3 /* 🧾BoardPreview.swift in Sources */,
				F5E0549F29FB52A1004DC425 /* 💾Data.swift in Sources */,
				F54C93D7295D2DE6008D1D60 /* 📃TextImportExport.swift in Sources */,
				12D424422871893D002D3E80 /* 📬DropDelegate.swift in Sources */,
				F5BBD85D2973A68E0034CCB8 /* ℹ️AboutApp.swift in Sources */,
				F57D6F0729FCD60D00EA0D79 /* 🪧SheetView.swift in Sources */,
				F5C9FAFF296CF7BB00B513D8 /* 📜History.swift in Sources */,
				F5C9FB02296D0A3100B513D8 /* 👥SharePlay.swift in Sources */,
				127132E82873CDF20008AE46 /* 🪄ModifyMode.swift in Sources */,
				12F4444E286D4B580008A663 /* 🛠Menu.swift in Sources */,
			);
			runOnlyForDeploymentPostprocessing = 0;
		};
		F5119B9F2A0291000027A74C /* Sources */ = {
			isa = PBXSourcesBuildPhase;
			buildActionMask = 2147483647;
			files = (
				F5119BB42A0292580027A74C /* 💾Data.swift in Sources */,
				F5119BB52A0292580027A74C /* 💥Feedback.swift in Sources */,
				F5119BBA2A029C690027A74C /* 🧰MetaData.swift in Sources */,
				F5119BB12A0292580027A74C /* 📱AppModel.swift in Sources */,
				F58C480F2A04CA38006D7C55 /* 🪄ModifyMode_tvOSApp.swift in Sources */,
				F5119BB82A0295680027A74C /* 🔠Characters.swift in Sources */,
				F58C48092A03EDFB006D7C55 /* 🛠Menu_tvOSApp.swift in Sources */,
				F5091F902A0A1C4B003F8BB3 /* 🌐EnvironmentValues.swift in Sources */,
				F5119BB72A0292E10027A74C /* ☖ShogiView_tvOSApp.swift in Sources */,
				F5119BB22A0292580027A74C /* ☖ShogiModel.swift in Sources */,
				F5119BA82A0291000027A74C /* ContentView_tvOSApp.swift in Sources */,
				F5119BB32A0292580027A74C /* 🪧SheetCategory.swift in Sources */,
				F5091F8B2A0A1466003F8BB3 /* 🧾BoardPreview.swift in Sources */,
				F5119BA62A0291000027A74C /* PS TV App.swift in Sources */,
			);
			runOnlyForDeploymentPostprocessing = 0;
		};
		F51F03952A00D03200F05874 /* Sources */ = {
			isa = PBXSourcesBuildPhase;
			buildActionMask = 2147483647;
			files = (
				F51F03A02A00D03200F05874 /* PS Complication.swift in Sources */,
			);
			runOnlyForDeploymentPostprocessing = 0;
		};
		F5D9F9142A00BDA800CEE697 /* Sources */ = {
			isa = PBXSourcesBuildPhase;
			buildActionMask = 2147483647;
			files = (
				F5D9F92E2A00BDC600CEE697 /* ☖ShogiView_watchOSApp.swift in Sources */,
				F51F037E2A00C46100F05874 /* 🛠Menu_watchOSApp.swift in Sources */,
				F5119B972A0144460027A74C /* 🪧SheetCategory.swift in Sources */,
				F553013B2A0725D800E1B91D /* 🔠Characters.swift in Sources */,
				F5BD6A112A00BF4C004AD4A5 /* ☖ShogiModel.swift in Sources */,
				F5D9F92D2A00BDC600CEE697 /* PS Watch App.swift in Sources */,
				F5BD6A162A00BF7D004AD4A5 /* 💾Data.swift in Sources */,
				F5091F8A2A0A1466003F8BB3 /* 🧾BoardPreview.swift in Sources */,
				F5D9F92F2A00BDC600CEE697 /* ContentView_watchOSApp.swift in Sources */,
				F5091F8F2A0A1C4B003F8BB3 /* 🌐EnvironmentValues.swift in Sources */,
				F5BD6A142A00BF76004AD4A5 /* 🧰MetaData.swift in Sources */,
				F5BD6A182A00BF7D004AD4A5 /* 💥Feedback.swift in Sources */,
				F5BD6A132A00BF4C004AD4A5 /* 📱AppModel.swift in Sources */,
			);
			runOnlyForDeploymentPostprocessing = 0;
		};
/* End PBXSourcesBuildPhase section */

/* Begin PBXTargetDependency section */
		F51F03A52A00D03400F05874 /* PBXTargetDependency */ = {
			isa = PBXTargetDependency;
			target = F51F03982A00D03200F05874 /* PSComplicationExtension */;
			targetProxy = F51F03A42A00D03400F05874 /* PBXContainerItemProxy */;
		};
		F5D9F9242A00BDAA00CEE697 /* PBXTargetDependency */ = {
			isa = PBXTargetDependency;
			platformFilter = ios;
			target = F5D9F9172A00BDA800CEE697 /* PS Watch App */;
			targetProxy = F5D9F9232A00BDAA00CEE697 /* PBXContainerItemProxy */;
		};
/* End PBXTargetDependency section */

/* Begin PBXVariantGroup section */
		124B75572810CD6D00027DCA /* Localizable.strings */ = {
			isa = PBXVariantGroup;
			children = (
				124B75562810CD6D00027DCA /* en */,
				124B75582810CD8100027DCA /* ja */,
			);
			name = Localizable.strings;
			sourceTree = "<group>";
		};
		12A925232866AA6C0035DC83 /* InfoPlist.strings */ = {
			isa = PBXVariantGroup;
			children = (
				12A925222866AA6C0035DC83 /* en */,
				12A925242866AA6F0035DC83 /* ja */,
			);
			name = InfoPlist.strings;
			sourceTree = "<group>";
		};
		F5BBD8672973AA720034CCB8 /* 🌏AppStoreDescription.strings */ = {
			isa = PBXVariantGroup;
			children = (
				F5BBD8662973AA720034CCB8 /* en */,
				F5BBD8682973AA760034CCB8 /* ja */,
			);
			name = "🌏AppStoreDescription.strings";
			sourceTree = "<group>";
		};
		F5BBD86B2973AA7B0034CCB8 /* 🌏VersionDescription.strings */ = {
			isa = PBXVariantGroup;
			children = (
				F5BBD86A2973AA7B0034CCB8 /* en */,
				F5BBD86C2973AA7E0034CCB8 /* ja */,
			);
			name = "🌏VersionDescription.strings";
			sourceTree = "<group>";
		};
/* End PBXVariantGroup section */

/* Begin XCBuildConfiguration section */
		128D1573280FE47F003FF480 /* Debug */ = {
			isa = XCBuildConfiguration;
			buildSettings = {
				ALWAYS_SEARCH_USER_PATHS = NO;
				CLANG_ANALYZER_LOCALIZABILITY_NONLOCALIZED = YES;
				CLANG_ANALYZER_NONNULL = YES;
				CLANG_ANALYZER_NUMBER_OBJECT_CONVERSION = YES_AGGRESSIVE;
				CLANG_CXX_LANGUAGE_STANDARD = "gnu++17";
				CLANG_ENABLE_MODULES = YES;
				CLANG_ENABLE_OBJC_ARC = YES;
				CLANG_ENABLE_OBJC_WEAK = YES;
				CLANG_WARN_BLOCK_CAPTURE_AUTORELEASING = YES;
				CLANG_WARN_BOOL_CONVERSION = YES;
				CLANG_WARN_COMMA = YES;
				CLANG_WARN_CONSTANT_CONVERSION = YES;
				CLANG_WARN_DEPRECATED_OBJC_IMPLEMENTATIONS = YES;
				CLANG_WARN_DIRECT_OBJC_ISA_USAGE = YES_ERROR;
				CLANG_WARN_DOCUMENTATION_COMMENTS = YES;
				CLANG_WARN_EMPTY_BODY = YES;
				CLANG_WARN_ENUM_CONVERSION = YES;
				CLANG_WARN_INFINITE_RECURSION = YES;
				CLANG_WARN_INT_CONVERSION = YES;
				CLANG_WARN_NON_LITERAL_NULL_CONVERSION = YES;
				CLANG_WARN_OBJC_IMPLICIT_RETAIN_SELF = YES;
				CLANG_WARN_OBJC_LITERAL_CONVERSION = YES;
				CLANG_WARN_OBJC_ROOT_CLASS = YES_ERROR;
				CLANG_WARN_QUOTED_INCLUDE_IN_FRAMEWORK_HEADER = YES;
				CLANG_WARN_RANGE_LOOP_ANALYSIS = YES;
				CLANG_WARN_STRICT_PROTOTYPES = YES;
				CLANG_WARN_SUSPICIOUS_MOVE = YES;
				CLANG_WARN_UNGUARDED_AVAILABILITY = YES_AGGRESSIVE;
				CLANG_WARN_UNREACHABLE_CODE = YES;
				CLANG_WARN__DUPLICATE_METHOD_MATCH = YES;
				COPY_PHASE_STRIP = NO;
				DEBUG_INFORMATION_FORMAT = dwarf;
				ENABLE_STRICT_OBJC_MSGSEND = YES;
				ENABLE_TESTABILITY = YES;
				GCC_C_LANGUAGE_STANDARD = gnu11;
				GCC_DYNAMIC_NO_PIC = NO;
				GCC_NO_COMMON_BLOCKS = YES;
				GCC_OPTIMIZATION_LEVEL = 0;
				GCC_PREPROCESSOR_DEFINITIONS = (
					"DEBUG=1",
					"$(inherited)",
				);
				GCC_WARN_64_TO_32_BIT_CONVERSION = YES;
				GCC_WARN_ABOUT_RETURN_TYPE = YES_ERROR;
				GCC_WARN_UNDECLARED_SELECTOR = YES;
				GCC_WARN_UNINITIALIZED_AUTOS = YES_AGGRESSIVE;
				GCC_WARN_UNUSED_FUNCTION = YES;
				GCC_WARN_UNUSED_VARIABLE = YES;
				IPHONEOS_DEPLOYMENT_TARGET = 15.4;
				MTL_ENABLE_DEBUG_INFO = INCLUDE_SOURCE;
				MTL_FAST_MATH = YES;
				ONLY_ACTIVE_ARCH = YES;
				SDKROOT = iphoneos;
				SWIFT_ACTIVE_COMPILATION_CONDITIONS = DEBUG;
				SWIFT_OPTIMIZATION_LEVEL = "-Onone";
				TVOS_DEPLOYMENT_TARGET = 16.0;
				WATCHOS_DEPLOYMENT_TARGET = 9.0;
			};
			name = Debug;
		};
		128D1574280FE47F003FF480 /* Release */ = {
			isa = XCBuildConfiguration;
			buildSettings = {
				ALWAYS_SEARCH_USER_PATHS = NO;
				CLANG_ANALYZER_LOCALIZABILITY_NONLOCALIZED = YES;
				CLANG_ANALYZER_NONNULL = YES;
				CLANG_ANALYZER_NUMBER_OBJECT_CONVERSION = YES_AGGRESSIVE;
				CLANG_CXX_LANGUAGE_STANDARD = "gnu++17";
				CLANG_ENABLE_MODULES = YES;
				CLANG_ENABLE_OBJC_ARC = YES;
				CLANG_ENABLE_OBJC_WEAK = YES;
				CLANG_WARN_BLOCK_CAPTURE_AUTORELEASING = YES;
				CLANG_WARN_BOOL_CONVERSION = YES;
				CLANG_WARN_COMMA = YES;
				CLANG_WARN_CONSTANT_CONVERSION = YES;
				CLANG_WARN_DEPRECATED_OBJC_IMPLEMENTATIONS = YES;
				CLANG_WARN_DIRECT_OBJC_ISA_USAGE = YES_ERROR;
				CLANG_WARN_DOCUMENTATION_COMMENTS = YES;
				CLANG_WARN_EMPTY_BODY = YES;
				CLANG_WARN_ENUM_CONVERSION = YES;
				CLANG_WARN_INFINITE_RECURSION = YES;
				CLANG_WARN_INT_CONVERSION = YES;
				CLANG_WARN_NON_LITERAL_NULL_CONVERSION = YES;
				CLANG_WARN_OBJC_IMPLICIT_RETAIN_SELF = YES;
				CLANG_WARN_OBJC_LITERAL_CONVERSION = YES;
				CLANG_WARN_OBJC_ROOT_CLASS = YES_ERROR;
				CLANG_WARN_QUOTED_INCLUDE_IN_FRAMEWORK_HEADER = YES;
				CLANG_WARN_RANGE_LOOP_ANALYSIS = YES;
				CLANG_WARN_STRICT_PROTOTYPES = YES;
				CLANG_WARN_SUSPICIOUS_MOVE = YES;
				CLANG_WARN_UNGUARDED_AVAILABILITY = YES_AGGRESSIVE;
				CLANG_WARN_UNREACHABLE_CODE = YES;
				CLANG_WARN__DUPLICATE_METHOD_MATCH = YES;
				COPY_PHASE_STRIP = NO;
				DEBUG_INFORMATION_FORMAT = "dwarf-with-dsym";
				ENABLE_NS_ASSERTIONS = NO;
				ENABLE_STRICT_OBJC_MSGSEND = YES;
				GCC_C_LANGUAGE_STANDARD = gnu11;
				GCC_NO_COMMON_BLOCKS = YES;
				GCC_WARN_64_TO_32_BIT_CONVERSION = YES;
				GCC_WARN_ABOUT_RETURN_TYPE = YES_ERROR;
				GCC_WARN_UNDECLARED_SELECTOR = YES;
				GCC_WARN_UNINITIALIZED_AUTOS = YES_AGGRESSIVE;
				GCC_WARN_UNUSED_FUNCTION = YES;
				GCC_WARN_UNUSED_VARIABLE = YES;
				IPHONEOS_DEPLOYMENT_TARGET = 15.4;
				MTL_ENABLE_DEBUG_INFO = NO;
				MTL_FAST_MATH = YES;
				SDKROOT = iphoneos;
				SWIFT_COMPILATION_MODE = wholemodule;
				SWIFT_OPTIMIZATION_LEVEL = "-O";
				TVOS_DEPLOYMENT_TARGET = 16.0;
				VALIDATE_PRODUCT = YES;
				WATCHOS_DEPLOYMENT_TARGET = 9.0;
			};
			name = Release;
		};
		128D1576280FE47F003FF480 /* Debug */ = {
			isa = XCBuildConfiguration;
			buildSettings = {
				ALWAYS_EMBED_SWIFT_STANDARD_LIBRARIES = YES;
				ASSETCATALOG_COMPILER_APPICON_NAME = AppIcon;
				ASSETCATALOG_COMPILER_GLOBAL_ACCENT_COLOR_NAME = AccentColor;
				CODE_SIGN_ENTITLEMENTS = "PlainShogi/🧩Sub/PlainShogi.entitlements";
				CODE_SIGN_STYLE = Automatic;
				CURRENT_PROJECT_VERSION = 5;
				DEVELOPMENT_ASSET_PATHS = "";
				DEVELOPMENT_TEAM = 6696GEY228;
				ENABLE_PREVIEWS = YES;
				GENERATE_INFOPLIST_FILE = YES;
				INFOPLIST_FILE = "PlainShogi/🧩Sub/Info.plist";
				INFOPLIST_KEY_LSApplicationCategoryType = "public.app-category.board-games";
				INFOPLIST_KEY_UIApplicationSupportsIndirectInputEvents = YES;
				INFOPLIST_KEY_UILaunchScreen_Generation = YES;
				INFOPLIST_KEY_UILaunchStoryboardName = "Launch Screen";
				INFOPLIST_KEY_UIStatusBarHidden = NO;
				INFOPLIST_KEY_UISupportedInterfaceOrientations_iPad = "UIInterfaceOrientationPortrait UIInterfaceOrientationPortraitUpsideDown UIInterfaceOrientationLandscapeLeft UIInterfaceOrientationLandscapeRight";
				INFOPLIST_KEY_UISupportedInterfaceOrientations_iPhone = "UIInterfaceOrientationPortrait UIInterfaceOrientationLandscapeLeft UIInterfaceOrientationLandscapeRight";
				LD_RUNPATH_SEARCH_PATHS = (
					"$(inherited)",
					"@executable_path/Frameworks",
				);
				MARKETING_VERSION = 1.4;
				PRODUCT_BUNDLE_IDENTIFIER = net.aaaakkkkssssttttnnnn.PlainShougi;
				PRODUCT_NAME = "将棋盤";
				SUPPORTED_PLATFORMS = "iphoneos iphonesimulator";
				SUPPORTS_MACCATALYST = YES;
				SUPPORTS_MAC_DESIGNED_FOR_IPHONE_IPAD = NO;
				SWIFT_EMIT_LOC_STRINGS = YES;
				SWIFT_VERSION = 5.0;
				TARGETED_DEVICE_FAMILY = "1,2";
			};
			name = Debug;
		};
		128D1577280FE47F003FF480 /* Release */ = {
			isa = XCBuildConfiguration;
			buildSettings = {
				ALWAYS_EMBED_SWIFT_STANDARD_LIBRARIES = YES;
				ASSETCATALOG_COMPILER_APPICON_NAME = AppIcon;
				ASSETCATALOG_COMPILER_GLOBAL_ACCENT_COLOR_NAME = AccentColor;
				CODE_SIGN_ENTITLEMENTS = "PlainShogi/🧩Sub/PlainShogi.entitlements";
				CODE_SIGN_STYLE = Automatic;
				CURRENT_PROJECT_VERSION = 5;
				DEVELOPMENT_ASSET_PATHS = "";
				DEVELOPMENT_TEAM = 6696GEY228;
				ENABLE_PREVIEWS = YES;
				GENERATE_INFOPLIST_FILE = YES;
				INFOPLIST_FILE = "PlainShogi/🧩Sub/Info.plist";
				INFOPLIST_KEY_LSApplicationCategoryType = "public.app-category.board-games";
				INFOPLIST_KEY_UIApplicationSupportsIndirectInputEvents = YES;
				INFOPLIST_KEY_UILaunchScreen_Generation = YES;
				INFOPLIST_KEY_UILaunchStoryboardName = "Launch Screen";
				INFOPLIST_KEY_UIStatusBarHidden = NO;
				INFOPLIST_KEY_UISupportedInterfaceOrientations_iPad = "UIInterfaceOrientationPortrait UIInterfaceOrientationPortraitUpsideDown UIInterfaceOrientationLandscapeLeft UIInterfaceOrientationLandscapeRight";
				INFOPLIST_KEY_UISupportedInterfaceOrientations_iPhone = "UIInterfaceOrientationPortrait UIInterfaceOrientationLandscapeLeft UIInterfaceOrientationLandscapeRight";
				LD_RUNPATH_SEARCH_PATHS = (
					"$(inherited)",
					"@executable_path/Frameworks",
				);
				MARKETING_VERSION = 1.4;
				PRODUCT_BUNDLE_IDENTIFIER = net.aaaakkkkssssttttnnnn.PlainShougi;
				PRODUCT_NAME = "将棋盤";
				SUPPORTED_PLATFORMS = "iphoneos iphonesimulator";
				SUPPORTS_MACCATALYST = YES;
				SUPPORTS_MAC_DESIGNED_FOR_IPHONE_IPAD = NO;
				SWIFT_EMIT_LOC_STRINGS = YES;
				SWIFT_VERSION = 5.0;
				TARGETED_DEVICE_FAMILY = "1,2";
			};
			name = Release;
		};
		F5119BAE2A0291020027A74C /* Debug */ = {
			isa = XCBuildConfiguration;
			buildSettings = {
				ASSETCATALOG_COMPILER_APPICON_NAME = "App Icon & Top Shelf Image";
				ASSETCATALOG_COMPILER_GLOBAL_ACCENT_COLOR_NAME = AccentColor;
				CLANG_CXX_LANGUAGE_STANDARD = "gnu++20";
				CODE_SIGN_ENTITLEMENTS = "PS TV App/PS TV App.entitlements";
				CODE_SIGN_STYLE = Automatic;
				CURRENT_PROJECT_VERSION = 5;
				DEVELOPMENT_ASSET_PATHS = "";
				DEVELOPMENT_TEAM = 6696GEY228;
				ENABLE_PREVIEWS = YES;
				GENERATE_INFOPLIST_FILE = YES;
				INFOPLIST_FILE = "PS TV App/Info.plist";
				INFOPLIST_KEY_LSApplicationCategoryType = "public.app-category.board-games";
				INFOPLIST_KEY_UILaunchScreen_Generation = YES;
				INFOPLIST_KEY_UIUserInterfaceStyle = Automatic;
				LD_RUNPATH_SEARCH_PATHS = (
					"$(inherited)",
					"@executable_path/Frameworks",
				);
				MARKETING_VERSION = 1.4;
				PRODUCT_BUNDLE_IDENTIFIER = net.aaaakkkkssssttttnnnn.PlainShougi;
				PRODUCT_NAME = "$(TARGET_NAME)";
				SDKROOT = appletvos;
				SWIFT_EMIT_LOC_STRINGS = YES;
				SWIFT_VERSION = 5.0;
				TARGETED_DEVICE_FAMILY = 3;
				TVOS_DEPLOYMENT_TARGET = 16.0;
			};
			name = Debug;
		};
		F5119BAF2A0291020027A74C /* Release */ = {
			isa = XCBuildConfiguration;
			buildSettings = {
				ASSETCATALOG_COMPILER_APPICON_NAME = "App Icon & Top Shelf Image";
				ASSETCATALOG_COMPILER_GLOBAL_ACCENT_COLOR_NAME = AccentColor;
				CLANG_CXX_LANGUAGE_STANDARD = "gnu++20";
				CODE_SIGN_ENTITLEMENTS = "PS TV App/PS TV App.entitlements";
				CODE_SIGN_STYLE = Automatic;
				CURRENT_PROJECT_VERSION = 5;
				DEVELOPMENT_ASSET_PATHS = "";
				DEVELOPMENT_TEAM = 6696GEY228;
				ENABLE_PREVIEWS = YES;
				GENERATE_INFOPLIST_FILE = YES;
				INFOPLIST_FILE = "PS TV App/Info.plist";
				INFOPLIST_KEY_LSApplicationCategoryType = "public.app-category.board-games";
				INFOPLIST_KEY_UILaunchScreen_Generation = YES;
				INFOPLIST_KEY_UIUserInterfaceStyle = Automatic;
				LD_RUNPATH_SEARCH_PATHS = (
					"$(inherited)",
					"@executable_path/Frameworks",
				);
				MARKETING_VERSION = 1.4;
				PRODUCT_BUNDLE_IDENTIFIER = net.aaaakkkkssssttttnnnn.PlainShougi;
				PRODUCT_NAME = "$(TARGET_NAME)";
				SDKROOT = appletvos;
				SWIFT_EMIT_LOC_STRINGS = YES;
				SWIFT_VERSION = 5.0;
				TARGETED_DEVICE_FAMILY = 3;
				TVOS_DEPLOYMENT_TARGET = 16.0;
			};
			name = Release;
		};
		F51F03A82A00D03400F05874 /* Debug */ = {
			isa = XCBuildConfiguration;
			buildSettings = {
				ASSETCATALOG_COMPILER_GLOBAL_ACCENT_COLOR_NAME = AccentColor;
				ASSETCATALOG_COMPILER_WIDGET_BACKGROUND_COLOR_NAME = WidgetBackground;
				CLANG_CXX_LANGUAGE_STANDARD = "gnu++20";
				CODE_SIGN_STYLE = Automatic;
				CURRENT_PROJECT_VERSION = 5;
				DEVELOPMENT_TEAM = 6696GEY228;
				GENERATE_INFOPLIST_FILE = YES;
				INFOPLIST_FILE = "PS Complication/Info.plist";
				INFOPLIST_KEY_CFBundleDisplayName = "Plain将棋盤";
				INFOPLIST_KEY_NSHumanReadableCopyright = "";
				LD_RUNPATH_SEARCH_PATHS = (
					"$(inherited)",
					"@executable_path/Frameworks",
					"@executable_path/../../Frameworks",
					"@executable_path/../../../../Frameworks",
				);
				MARKETING_VERSION = 1.4;
				PRODUCT_BUNDLE_IDENTIFIER = net.aaaakkkkssssttttnnnn.PlainShougi.watchkitapp.PSComplication;
				PRODUCT_NAME = "$(TARGET_NAME)";
				SDKROOT = watchos;
				SKIP_INSTALL = YES;
				SWIFT_EMIT_LOC_STRINGS = YES;
				SWIFT_VERSION = 5.0;
				TARGETED_DEVICE_FAMILY = 4;
				WATCHOS_DEPLOYMENT_TARGET = 9.0;
			};
			name = Debug;
		};
		F51F03A92A00D03400F05874 /* Release */ = {
			isa = XCBuildConfiguration;
			buildSettings = {
				ASSETCATALOG_COMPILER_GLOBAL_ACCENT_COLOR_NAME = AccentColor;
				ASSETCATALOG_COMPILER_WIDGET_BACKGROUND_COLOR_NAME = WidgetBackground;
				CLANG_CXX_LANGUAGE_STANDARD = "gnu++20";
				CODE_SIGN_STYLE = Automatic;
				CURRENT_PROJECT_VERSION = 5;
				DEVELOPMENT_TEAM = 6696GEY228;
				GENERATE_INFOPLIST_FILE = YES;
				INFOPLIST_FILE = "PS Complication/Info.plist";
				INFOPLIST_KEY_CFBundleDisplayName = "Plain将棋盤";
				INFOPLIST_KEY_NSHumanReadableCopyright = "";
				LD_RUNPATH_SEARCH_PATHS = (
					"$(inherited)",
					"@executable_path/Frameworks",
					"@executable_path/../../Frameworks",
					"@executable_path/../../../../Frameworks",
				);
				MARKETING_VERSION = 1.4;
				PRODUCT_BUNDLE_IDENTIFIER = net.aaaakkkkssssttttnnnn.PlainShougi.watchkitapp.PSComplication;
				PRODUCT_NAME = "$(TARGET_NAME)";
				SDKROOT = watchos;
				SKIP_INSTALL = YES;
				SWIFT_EMIT_LOC_STRINGS = YES;
				SWIFT_VERSION = 5.0;
				TARGETED_DEVICE_FAMILY = 4;
				WATCHOS_DEPLOYMENT_TARGET = 9.0;
			};
			name = Release;
		};
		F5D9F9272A00BDAA00CEE697 /* Debug */ = {
			isa = XCBuildConfiguration;
			buildSettings = {
				ALWAYS_EMBED_SWIFT_STANDARD_LIBRARIES = YES;
				ASSETCATALOG_COMPILER_APPICON_NAME = AppIcon;
				ASSETCATALOG_COMPILER_GLOBAL_ACCENT_COLOR_NAME = AccentColor;
				CLANG_CXX_LANGUAGE_STANDARD = "gnu++20";
				CODE_SIGN_ENTITLEMENTS = "PS Watch App/PS Watch App.entitlements";
				CODE_SIGN_STYLE = Automatic;
				CURRENT_PROJECT_VERSION = 5;
				DEVELOPMENT_ASSET_PATHS = "";
				DEVELOPMENT_TEAM = 6696GEY228;
				ENABLE_PREVIEWS = YES;
				GENERATE_INFOPLIST_FILE = YES;
				INFOPLIST_KEY_UISupportedInterfaceOrientations = "UIInterfaceOrientationPortrait UIInterfaceOrientationPortraitUpsideDown";
				INFOPLIST_KEY_WKCompanionAppBundleIdentifier = net.aaaakkkkssssttttnnnn.PlainShougi;
				LD_RUNPATH_SEARCH_PATHS = (
					"$(inherited)",
					"@executable_path/Frameworks",
				);
				MARKETING_VERSION = 1.4;
				PRODUCT_BUNDLE_IDENTIFIER = net.aaaakkkkssssttttnnnn.PlainShougi.watchkitapp;
				PRODUCT_NAME = "Plain将棋盤";
				SDKROOT = watchos;
				SKIP_INSTALL = YES;
				SWIFT_EMIT_LOC_STRINGS = YES;
				SWIFT_VERSION = 5.0;
				TARGETED_DEVICE_FAMILY = 4;
				WATCHOS_DEPLOYMENT_TARGET = 9.0;
			};
			name = Debug;
		};
		F5D9F9282A00BDAA00CEE697 /* Release */ = {
			isa = XCBuildConfiguration;
			buildSettings = {
				ALWAYS_EMBED_SWIFT_STANDARD_LIBRARIES = YES;
				ASSETCATALOG_COMPILER_APPICON_NAME = AppIcon;
				ASSETCATALOG_COMPILER_GLOBAL_ACCENT_COLOR_NAME = AccentColor;
				CLANG_CXX_LANGUAGE_STANDARD = "gnu++20";
				CODE_SIGN_ENTITLEMENTS = "PS Watch App/PS Watch App.entitlements";
				CODE_SIGN_STYLE = Automatic;
				CURRENT_PROJECT_VERSION = 5;
				DEVELOPMENT_ASSET_PATHS = "";
				DEVELOPMENT_TEAM = 6696GEY228;
				ENABLE_PREVIEWS = YES;
				GENERATE_INFOPLIST_FILE = YES;
				INFOPLIST_KEY_UISupportedInterfaceOrientations = "UIInterfaceOrientationPortrait UIInterfaceOrientationPortraitUpsideDown";
				INFOPLIST_KEY_WKCompanionAppBundleIdentifier = net.aaaakkkkssssttttnnnn.PlainShougi;
				LD_RUNPATH_SEARCH_PATHS = (
					"$(inherited)",
					"@executable_path/Frameworks",
				);
				MARKETING_VERSION = 1.4;
				PRODUCT_BUNDLE_IDENTIFIER = net.aaaakkkkssssttttnnnn.PlainShougi.watchkitapp;
				PRODUCT_NAME = "Plain将棋盤";
				SDKROOT = watchos;
				SKIP_INSTALL = YES;
				SWIFT_EMIT_LOC_STRINGS = YES;
				SWIFT_VERSION = 5.0;
				TARGETED_DEVICE_FAMILY = 4;
				WATCHOS_DEPLOYMENT_TARGET = 9.0;
			};
			name = Release;
		};
/* End XCBuildConfiguration section */

/* Begin XCConfigurationList section */
		128D1562280FE47E003FF480 /* Build configuration list for PBXProject "PlainShogi" */ = {
			isa = XCConfigurationList;
			buildConfigurations = (
				128D1573280FE47F003FF480 /* Debug */,
				128D1574280FE47F003FF480 /* Release */,
			);
			defaultConfigurationIsVisible = 0;
			defaultConfigurationName = Release;
		};
		128D1575280FE47F003FF480 /* Build configuration list for PBXNativeTarget "PlainShogi" */ = {
			isa = XCConfigurationList;
			buildConfigurations = (
				128D1576280FE47F003FF480 /* Debug */,
				128D1577280FE47F003FF480 /* Release */,
			);
			defaultConfigurationIsVisible = 0;
			defaultConfigurationName = Release;
		};
		F5119BB02A0291020027A74C /* Build configuration list for PBXNativeTarget "PS TV App" */ = {
			isa = XCConfigurationList;
			buildConfigurations = (
				F5119BAE2A0291020027A74C /* Debug */,
				F5119BAF2A0291020027A74C /* Release */,
			);
			defaultConfigurationIsVisible = 0;
			defaultConfigurationName = Release;
		};
		F51F03AA2A00D03400F05874 /* Build configuration list for PBXNativeTarget "PSComplicationExtension" */ = {
			isa = XCConfigurationList;
			buildConfigurations = (
				F51F03A82A00D03400F05874 /* Debug */,
				F51F03A92A00D03400F05874 /* Release */,
			);
			defaultConfigurationIsVisible = 0;
			defaultConfigurationName = Release;
		};
		F5D9F9292A00BDAA00CEE697 /* Build configuration list for PBXNativeTarget "PS Watch App" */ = {
			isa = XCConfigurationList;
			buildConfigurations = (
				F5D9F9272A00BDAA00CEE697 /* Debug */,
				F5D9F9282A00BDAA00CEE697 /* Release */,
			);
			defaultConfigurationIsVisible = 0;
			defaultConfigurationName = Release;
		};
/* End XCConfigurationList section */
	};
	rootObject = 128D155F280FE47E003FF480 /* Project object */;
}
