// !$*UTF8*$!
{
	archiveVersion = 1;
	classes = {
	};
	objectVersion = 55;
	objects = {

/* Begin PBXBuildFile section */
		120363132865E20200636EBD /* Plain将棋盤App.swift in CopyFiles */ = {isa = PBXBuildFile; fileRef = 128D156A280FE47E003FF480 /* Plain将棋盤App.swift */; };
		120363142865E20200636EBD /* ContentView.swift in CopyFiles */ = {isa = PBXBuildFile; fileRef = 128D156C280FE47E003FF480 /* ContentView.swift */; };
		120363152865E20200636EBD /* 📱AppModel.swift in CopyFiles */ = {isa = PBXBuildFile; fileRef = 128D1578280FE4E4003FF480 /* 📱AppModel.swift */; };
		124B75552810CD6D00027DCA /* Localizable.strings in Resources */ = {isa = PBXBuildFile; fileRef = 124B75572810CD6D00027DCA /* Localizable.strings */; };
		126C18F32816460F002CD046 /* ☖PieceType.swift in Sources */ = {isa = PBXBuildFile; fileRef = 126C18F22816460F002CD046 /* ☖PieceType.swift */; };
		127132E82873CDF20008AE46 /* 🖼SubView.swift in Sources */ = {isa = PBXBuildFile; fileRef = 127132E72873CDF20008AE46 /* 🖼SubView.swift */; };
		128D156B280FE47E003FF480 /* Plain将棋盤App.swift in Sources */ = {isa = PBXBuildFile; fileRef = 128D156A280FE47E003FF480 /* Plain将棋盤App.swift */; };
		128D156D280FE47E003FF480 /* ContentView.swift in Sources */ = {isa = PBXBuildFile; fileRef = 128D156C280FE47E003FF480 /* ContentView.swift */; };
		128D156F280FE47F003FF480 /* Assets.xcassets in Resources */ = {isa = PBXBuildFile; fileRef = 128D156E280FE47F003FF480 /* Assets.xcassets */; };
		128D1572280FE47F003FF480 /* Preview Assets.xcassets in Resources */ = {isa = PBXBuildFile; fileRef = 128D1571280FE47F003FF480 /* Preview Assets.xcassets */; };
		128D1579280FE4E4003FF480 /* 📱AppModel.swift in Sources */ = {isa = PBXBuildFile; fileRef = 128D1578280FE4E4003FF480 /* 📱AppModel.swift */; };
		12A9251E2866A8960035DC83 /* StoreKit.framework in Frameworks */ = {isa = PBXBuildFile; fileRef = 12A9251D2866A8960035DC83 /* StoreKit.framework */; };
		12A925212866AA6C0035DC83 /* InfoPlist.strings in Resources */ = {isa = PBXBuildFile; fileRef = 12A925232866AA6C0035DC83 /* InfoPlist.strings */; };
		12D424422871893D002D3E80 /* 📬DropDelegate.swift in Sources */ = {isa = PBXBuildFile; fileRef = 12D424412871893D002D3E80 /* 📬DropDelegate.swift */; };
		12D436A42865CD8400B707F5 /* Configuration.storekit in Resources */ = {isa = PBXBuildFile; fileRef = 12D4369C2865CD8300B707F5 /* Configuration.storekit */; };
		12DA3F422875C1F600F34701 /* 📬DropDelegate.swift in Copy Files */ = {isa = PBXBuildFile; fileRef = 12D424412871893D002D3E80 /* 📬DropDelegate.swift */; };
		12DA3F432875C1F600F34701 /* 🖼SubView.swift in Copy Files */ = {isa = PBXBuildFile; fileRef = 127132E72873CDF20008AE46 /* 🖼SubView.swift */; };
		12F4444E286D4B580008A663 /* 🛠AppMenu.swift in Sources */ = {isa = PBXBuildFile; fileRef = 12F4444D286D4B580008A663 /* 🛠AppMenu.swift */; };
		12F4444F286D4D250008A663 /* 🛠AppMenu.swift in Copy Files */ = {isa = PBXBuildFile; fileRef = 12F4444D286D4B580008A663 /* 🛠AppMenu.swift */; };
		F5019FD1296ABB4E007CB14D /* 💾DataManage_ver_1_2_2.swift in Sources */ = {isa = PBXBuildFile; fileRef = F5019FD0296ABB4E007CB14D /* 💾DataManage_ver_1_2_2.swift */; };
		F504212C2973BAAB008EEB2F /* ☖PieceType.swift in Copy Files */ = {isa = PBXBuildFile; fileRef = 126C18F22816460F002CD046 /* ☖PieceType.swift */; };
		F52437AF29F6125A00EA770E /* 🗄️Rest.swift in Sources */ = {isa = PBXBuildFile; fileRef = F52437AE29F6125900EA770E /* 🗄️Rest.swift */; };
		F52437B329F613A600EA770E /* 💥Feedback.swift in Sources */ = {isa = PBXBuildFile; fileRef = F52437B229F613A600EA770E /* 💥Feedback.swift */; };
		F54C93D7295D2DE6008D1D60 /* 📃TextImportExport.swift in Sources */ = {isa = PBXBuildFile; fileRef = F54C93D6295D2DE6008D1D60 /* 📃TextImportExport.swift */; };
		F5951A2028ADEEBC00516538 /* Launch Screen.storyboard in Resources */ = {isa = PBXBuildFile; fileRef = F5951A1F28ADEEBC00516538 /* Launch Screen.storyboard */; };
		F598A11B297BDC15000AB37E /* 📜History.swift in CopyFiles */ = {isa = PBXBuildFile; fileRef = F5C9FAFE296CF7BB00B513D8 /* 📜History.swift */; };
		F598A11C297BDC15000AB37E /* 📣ADContent.swift in CopyFiles */ = {isa = PBXBuildFile; fileRef = F5BBD85F2973A7260034CCB8 /* 📣ADContent.swift */; };
		F598A11D297BDC15000AB37E /* 📃TextImportExport.swift in CopyFiles */ = {isa = PBXBuildFile; fileRef = F54C93D6295D2DE6008D1D60 /* 📃TextImportExport.swift */; };
		F598A11E297BDC15000AB37E /* 💾DataManage_ver_1_2_2.swift in CopyFiles */ = {isa = PBXBuildFile; fileRef = F5019FD0296ABB4E007CB14D /* 💾DataManage_ver_1_2_2.swift */; };
		F5BBD85C2973A68E0034CCB8 /* 🛒InAppPurchase.swift in Sources */ = {isa = PBXBuildFile; fileRef = F5BBD8592973A68E0034CCB8 /* 🛒InAppPurchase.swift */; };
		F5BBD85D2973A68E0034CCB8 /* ℹ️AboutAppMenu.swift in Sources */ = {isa = PBXBuildFile; fileRef = F5BBD85A2973A68E0034CCB8 /* ℹ️AboutAppMenu.swift */; };
		F5BBD85E2973A68E0034CCB8 /* 📣AD.swift in Sources */ = {isa = PBXBuildFile; fileRef = F5BBD85B2973A68E0034CCB8 /* 📣AD.swift */; };
		F5BBD8602973A7260034CCB8 /* 📣ADContent.swift in Sources */ = {isa = PBXBuildFile; fileRef = F5BBD85F2973A7260034CCB8 /* 📣ADContent.swift */; };
		F5BBD8652973AA720034CCB8 /* 🌏AppStoreDescription.strings in Resources */ = {isa = PBXBuildFile; fileRef = F5BBD8672973AA720034CCB8 /* 🌏AppStoreDescription.strings */; };
		F5BBD8692973AA7B0034CCB8 /* 🌏VersionDescription.strings in Resources */ = {isa = PBXBuildFile; fileRef = F5BBD86B2973AA7B0034CCB8 /* 🌏VersionDescription.strings */; };
		F5BBD86F2973AD8D0034CCB8 /* 👥SharePlay.swift in Copy Files */ = {isa = PBXBuildFile; fileRef = F5C9FB01296D0A3100B513D8 /* 👥SharePlay.swift */; };
		F5BBD8732973AD950034CCB8 /* ℹ️AboutAppMenu.swift in CopyFiles */ = {isa = PBXBuildFile; fileRef = F5BBD85A2973A68E0034CCB8 /* ℹ️AboutAppMenu.swift */; };
		F5BBD8742973AD950034CCB8 /* 📣AD.swift in CopyFiles */ = {isa = PBXBuildFile; fileRef = F5BBD85B2973A68E0034CCB8 /* 📣AD.swift */; };
		F5BBD8752973AD950034CCB8 /* 🛒InAppPurchase.swift in CopyFiles */ = {isa = PBXBuildFile; fileRef = F5BBD8592973A68E0034CCB8 /* 🛒InAppPurchase.swift */; };
		F5C9FAFF296CF7BB00B513D8 /* 📜History.swift in Sources */ = {isa = PBXBuildFile; fileRef = F5C9FAFE296CF7BB00B513D8 /* 📜History.swift */; };
		F5C9FB02296D0A3100B513D8 /* 👥SharePlay.swift in Sources */ = {isa = PBXBuildFile; fileRef = F5C9FB01296D0A3100B513D8 /* 👥SharePlay.swift */; };
/* End PBXBuildFile section */

/* Begin PBXCopyFilesBuildPhase section */
		1203630D2865E1B400636EBD /* CopyFiles */ = {
			isa = PBXCopyFilesBuildPhase;
			buildActionMask = 2147483647;
			dstPath = main;
			dstSubfolderSpec = 7;
			files = (
				120363132865E20200636EBD /* Plain将棋盤App.swift in CopyFiles */,
				120363142865E20200636EBD /* ContentView.swift in CopyFiles */,
				120363152865E20200636EBD /* 📱AppModel.swift in CopyFiles */,
			);
			runOnlyForDeploymentPostprocessing = 0;
		};
		1203630E2865E1B600636EBD /* Copy Files */ = {
			isa = PBXCopyFilesBuildPhase;
			buildActionMask = 2147483647;
			dstPath = "🧩Sub1";
			dstSubfolderSpec = 7;
			files = (
				F504212C2973BAAB008EEB2F /* ☖PieceType.swift in Copy Files */,
				F5BBD86F2973AD8D0034CCB8 /* 👥SharePlay.swift in Copy Files */,
				12DA3F422875C1F600F34701 /* 📬DropDelegate.swift in Copy Files */,
				12DA3F432875C1F600F34701 /* 🖼SubView.swift in Copy Files */,
				12F4444F286D4D250008A663 /* 🛠AppMenu.swift in Copy Files */,
			);
			name = "Copy Files";
			runOnlyForDeploymentPostprocessing = 0;
		};
		120363122865E1CB00636EBD /* CopyFiles */ = {
			isa = PBXCopyFilesBuildPhase;
			buildActionMask = 2147483647;
			dstPath = "🧰Others";
			dstSubfolderSpec = 7;
			files = (
				F5BBD8732973AD950034CCB8 /* ℹ️AboutAppMenu.swift in CopyFiles */,
				F5BBD8742973AD950034CCB8 /* 📣AD.swift in CopyFiles */,
				F5BBD8752973AD950034CCB8 /* 🛒InAppPurchase.swift in CopyFiles */,
			);
			runOnlyForDeploymentPostprocessing = 0;
		};
		F598A11A297BDBED000AB37E /* CopyFiles */ = {
			isa = PBXCopyFilesBuildPhase;
			buildActionMask = 2147483647;
			dstPath = "🧩Sub2";
			dstSubfolderSpec = 7;
			files = (
				F598A11B297BDC15000AB37E /* 📜History.swift in CopyFiles */,
				F598A11C297BDC15000AB37E /* 📣ADContent.swift in CopyFiles */,
				F598A11D297BDC15000AB37E /* 📃TextImportExport.swift in CopyFiles */,
				F598A11E297BDC15000AB37E /* 💾DataManage_ver_1_2_2.swift in CopyFiles */,
			);
			runOnlyForDeploymentPostprocessing = 0;
		};
/* End PBXCopyFilesBuildPhase section */

/* Begin PBXFileReference section */
		124B75562810CD6D00027DCA /* en */ = {isa = PBXFileReference; lastKnownFileType = text.plist.strings; name = en; path = en.lproj/Localizable.strings; sourceTree = "<group>"; };
		124B75582810CD8100027DCA /* ja */ = {isa = PBXFileReference; lastKnownFileType = text.plist.strings; name = ja; path = ja.lproj/Localizable.strings; sourceTree = "<group>"; };
		126C18F22816460F002CD046 /* ☖PieceType.swift */ = {isa = PBXFileReference; lastKnownFileType = sourcecode.swift; path = "☖PieceType.swift"; sourceTree = "<group>"; };
		127132E72873CDF20008AE46 /* 🖼SubView.swift */ = {isa = PBXFileReference; lastKnownFileType = sourcecode.swift; path = "🖼SubView.swift"; sourceTree = "<group>"; };
		128D1567280FE47E003FF480 /* 将棋盤.app */ = {isa = PBXFileReference; explicitFileType = wrapper.application; includeInIndex = 0; path = "将棋盤.app"; sourceTree = BUILT_PRODUCTS_DIR; };
		128D156A280FE47E003FF480 /* Plain将棋盤App.swift */ = {isa = PBXFileReference; lastKnownFileType = sourcecode.swift; path = "Plain将棋盤App.swift"; sourceTree = "<group>"; };
		128D156C280FE47E003FF480 /* ContentView.swift */ = {isa = PBXFileReference; lastKnownFileType = sourcecode.swift; path = ContentView.swift; sourceTree = "<group>"; };
		128D156E280FE47F003FF480 /* Assets.xcassets */ = {isa = PBXFileReference; lastKnownFileType = folder.assetcatalog; name = Assets.xcassets; path = PlainShogi/Assets.xcassets; sourceTree = "<group>"; };
		128D1571280FE47F003FF480 /* Preview Assets.xcassets */ = {isa = PBXFileReference; lastKnownFileType = folder.assetcatalog; path = "Preview Assets.xcassets"; sourceTree = "<group>"; };
		128D1578280FE4E4003FF480 /* 📱AppModel.swift */ = {isa = PBXFileReference; lastKnownFileType = sourcecode.swift; path = "📱AppModel.swift"; sourceTree = "<group>"; };
		12A9251D2866A8960035DC83 /* StoreKit.framework */ = {isa = PBXFileReference; lastKnownFileType = wrapper.framework; name = StoreKit.framework; path = System/Library/Frameworks/StoreKit.framework; sourceTree = SDKROOT; };
		12A925222866AA6C0035DC83 /* en */ = {isa = PBXFileReference; lastKnownFileType = text.plist.strings; name = en; path = en.lproj/InfoPlist.strings; sourceTree = "<group>"; };
		12A925242866AA6F0035DC83 /* ja */ = {isa = PBXFileReference; lastKnownFileType = text.plist.strings; name = ja; path = ja.lproj/InfoPlist.strings; sourceTree = "<group>"; };
		12D198532810DD6500CE6578 /* README.md */ = {isa = PBXFileReference; lastKnownFileType = net.daringfireball.markdown; path = README.md; sourceTree = "<group>"; };
		12D424412871893D002D3E80 /* 📬DropDelegate.swift */ = {isa = PBXFileReference; lastKnownFileType = sourcecode.swift; path = "📬DropDelegate.swift"; sourceTree = "<group>"; };
		12D4369C2865CD8300B707F5 /* Configuration.storekit */ = {isa = PBXFileReference; fileEncoding = 4; lastKnownFileType = text; path = Configuration.storekit; sourceTree = "<group>"; };
		12F4444D286D4B580008A663 /* 🛠AppMenu.swift */ = {isa = PBXFileReference; lastKnownFileType = sourcecode.swift; path = "🛠AppMenu.swift"; sourceTree = "<group>"; };
		F5019FD0296ABB4E007CB14D /* 💾DataManage_ver_1_2_2.swift */ = {isa = PBXFileReference; lastKnownFileType = sourcecode.swift; path = "💾DataManage_ver_1_2_2.swift"; sourceTree = "<group>"; };
		F5019FD2296ABBBD007CB14D /* memo.md */ = {isa = PBXFileReference; lastKnownFileType = net.daringfireball.markdown; path = memo.md; sourceTree = "<group>"; };
		F52437AE29F6125900EA770E /* 🗄️Rest.swift */ = {isa = PBXFileReference; lastKnownFileType = sourcecode.swift; path = "🗄️Rest.swift"; sourceTree = "<group>"; };
		F52437B229F613A600EA770E /* 💥Feedback.swift */ = {isa = PBXFileReference; lastKnownFileType = sourcecode.swift; path = "💥Feedback.swift"; sourceTree = "<group>"; };
		F54C93D6295D2DE6008D1D60 /* 📃TextImportExport.swift */ = {isa = PBXFileReference; lastKnownFileType = sourcecode.swift; path = "📃TextImportExport.swift"; sourceTree = "<group>"; };
		F5951A1F28ADEEBC00516538 /* Launch Screen.storyboard */ = {isa = PBXFileReference; fileEncoding = 4; lastKnownFileType = file.storyboard; path = "Launch Screen.storyboard"; sourceTree = "<group>"; };
		F5BBD8592973A68E0034CCB8 /* 🛒InAppPurchase.swift */ = {isa = PBXFileReference; fileEncoding = 4; lastKnownFileType = sourcecode.swift; path = "🛒InAppPurchase.swift"; sourceTree = "<group>"; };
		F5BBD85A2973A68E0034CCB8 /* ℹ️AboutAppMenu.swift */ = {isa = PBXFileReference; fileEncoding = 4; lastKnownFileType = sourcecode.swift; path = "ℹ️AboutAppMenu.swift"; sourceTree = "<group>"; };
		F5BBD85B2973A68E0034CCB8 /* 📣AD.swift */ = {isa = PBXFileReference; fileEncoding = 4; lastKnownFileType = sourcecode.swift; path = "📣AD.swift"; sourceTree = "<group>"; };
		F5BBD85F2973A7260034CCB8 /* 📣ADContent.swift */ = {isa = PBXFileReference; fileEncoding = 4; lastKnownFileType = sourcecode.swift; path = "📣ADContent.swift"; sourceTree = "<group>"; };
		F5BBD8662973AA720034CCB8 /* en */ = {isa = PBXFileReference; lastKnownFileType = text.plist.strings; name = en; path = "en.lproj/🌏AppStoreDescription.strings"; sourceTree = "<group>"; };
		F5BBD8682973AA760034CCB8 /* ja */ = {isa = PBXFileReference; lastKnownFileType = text.plist.strings; name = ja; path = "ja.lproj/🌏AppStoreDescription.strings"; sourceTree = "<group>"; };
		F5BBD86A2973AA7B0034CCB8 /* en */ = {isa = PBXFileReference; lastKnownFileType = text.plist.strings; name = en; path = "en.lproj/🌏VersionDescription.strings"; sourceTree = "<group>"; };
		F5BBD86C2973AA7E0034CCB8 /* ja */ = {isa = PBXFileReference; lastKnownFileType = text.plist.strings; name = ja; path = "ja.lproj/🌏VersionDescription.strings"; sourceTree = "<group>"; };
		F5BBEB662973A4040064F0EF /* Info.plist */ = {isa = PBXFileReference; lastKnownFileType = text.plist.xml; path = Info.plist; sourceTree = "<group>"; };
		F5C9FAFE296CF7BB00B513D8 /* 📜History.swift */ = {isa = PBXFileReference; lastKnownFileType = sourcecode.swift; path = "📜History.swift"; sourceTree = "<group>"; };
		F5C9FB00296CFF7A00B513D8 /* PlainShogi.entitlements */ = {isa = PBXFileReference; lastKnownFileType = text.plist.entitlements; path = PlainShogi.entitlements; sourceTree = "<group>"; };
		F5C9FB01296D0A3100B513D8 /* 👥SharePlay.swift */ = {isa = PBXFileReference; lastKnownFileType = sourcecode.swift; path = "👥SharePlay.swift"; sourceTree = "<group>"; };
/* End PBXFileReference section */

/* Begin PBXFrameworksBuildPhase section */
		128D1564280FE47E003FF480 /* Frameworks */ = {
			isa = PBXFrameworksBuildPhase;
			buildActionMask = 2147483647;
			files = (
				12A9251E2866A8960035DC83 /* StoreKit.framework in Frameworks */,
			);
			runOnlyForDeploymentPostprocessing = 0;
		};
/* End PBXFrameworksBuildPhase section */

/* Begin PBXGroup section */
		128D155E280FE47E003FF480 = {
			isa = PBXGroup;
			children = (
				12D198532810DD6500CE6578 /* README.md */,
				128D1569280FE47E003FF480 /* PlainShogi */,
				128D156E280FE47F003FF480 /* Assets.xcassets */,
				128D1568280FE47E003FF480 /* Products */,
				12A9251C2866A8960035DC83 /* Frameworks */,
			);
			sourceTree = "<group>";
		};
		128D1568280FE47E003FF480 /* Products */ = {
			isa = PBXGroup;
			children = (
				128D1567280FE47E003FF480 /* 将棋盤.app */,
			);
			name = Products;
			sourceTree = "<group>";
		};
		128D1569280FE47E003FF480 /* PlainShogi */ = {
			isa = PBXGroup;
			children = (
				128D156A280FE47E003FF480 /* Plain将棋盤App.swift */,
				128D156C280FE47E003FF480 /* ContentView.swift */,
				128D1578280FE4E4003FF480 /* 📱AppModel.swift */,
				12D436992865CD6D00B707F5 /* 🧩Sub */,
				12D4368B2865CD5E00B707F5 /* 🧰Others */,
				12A925252866AB9F0035DC83 /* 🌏Localization */,
			);
			path = PlainShogi;
			sourceTree = "<group>";
		};
		128D1570280FE47F003FF480 /* Preview Content */ = {
			isa = PBXGroup;
			children = (
				128D1571280FE47F003FF480 /* Preview Assets.xcassets */,
			);
			path = "Preview Content";
			sourceTree = "<group>";
		};
		12A9251C2866A8960035DC83 /* Frameworks */ = {
			isa = PBXGroup;
			children = (
				12A9251D2866A8960035DC83 /* StoreKit.framework */,
			);
			name = Frameworks;
			sourceTree = "<group>";
		};
		12A925252866AB9F0035DC83 /* 🌏Localization */ = {
			isa = PBXGroup;
			children = (
				124B75572810CD6D00027DCA /* Localizable.strings */,
				12A925232866AA6C0035DC83 /* InfoPlist.strings */,
				F5BBD8672973AA720034CCB8 /* 🌏AppStoreDescription.strings */,
				F5BBD86B2973AA7B0034CCB8 /* 🌏VersionDescription.strings */,
			);
			path = "🌏Localization";
			sourceTree = "<group>";
		};
		12D4368B2865CD5E00B707F5 /* 🧰Others */ = {
			isa = PBXGroup;
			children = (
				F5BBD85A2973A68E0034CCB8 /* ℹ️AboutAppMenu.swift */,
				F5BBD85B2973A68E0034CCB8 /* 📣AD.swift */,
				F5BBD8592973A68E0034CCB8 /* 🛒InAppPurchase.swift */,
			);
			path = "🧰Others";
			sourceTree = "<group>";
		};
		12D436992865CD6D00B707F5 /* 🧩Sub */ = {
			isa = PBXGroup;
			children = (
				126C18F22816460F002CD046 /* ☖PieceType.swift */,
				12D424412871893D002D3E80 /* 📬DropDelegate.swift */,
				127132E72873CDF20008AE46 /* 🖼SubView.swift */,
				12F4444D286D4B580008A663 /* 🛠AppMenu.swift */,
				F5C9FAFE296CF7BB00B513D8 /* 📜History.swift */,
				F5C9FB01296D0A3100B513D8 /* 👥SharePlay.swift */,
				F5BBD85F2973A7260034CCB8 /* 📣ADContent.swift */,
				F54C93D6295D2DE6008D1D60 /* 📃TextImportExport.swift */,
				F5019FD0296ABB4E007CB14D /* 💾DataManage_ver_1_2_2.swift */,
				F52437B229F613A600EA770E /* 💥Feedback.swift */,
				F52437AE29F6125900EA770E /* 🗄️Rest.swift */,
				F5BBEB662973A4040064F0EF /* Info.plist */,
				F5C9FB00296CFF7A00B513D8 /* PlainShogi.entitlements */,
				F5951A1F28ADEEBC00516538 /* Launch Screen.storyboard */,
				12D4369C2865CD8300B707F5 /* Configuration.storekit */,
				F5019FD2296ABBBD007CB14D /* memo.md */,
				128D1570280FE47F003FF480 /* Preview Content */,
			);
			path = "🧩Sub";
			sourceTree = "<group>";
		};
/* End PBXGroup section */

/* Begin PBXNativeTarget section */
		128D1566280FE47E003FF480 /* PlainShogi */ = {
			isa = PBXNativeTarget;
			buildConfigurationList = 128D1575280FE47F003FF480 /* Build configuration list for PBXNativeTarget "PlainShogi" */;
			buildPhases = (
				128D1563280FE47E003FF480 /* Sources */,
				128D1564280FE47E003FF480 /* Frameworks */,
				128D1565280FE47E003FF480 /* Resources */,
				1203630D2865E1B400636EBD /* CopyFiles */,
				1203630E2865E1B600636EBD /* Copy Files */,
				F598A11A297BDBED000AB37E /* CopyFiles */,
				120363122865E1CB00636EBD /* CopyFiles */,
			);
			buildRules = (
			);
			dependencies = (
			);
			name = PlainShogi;
			productName = PlainShougi;
			productReference = 128D1567280FE47E003FF480 /* 将棋盤.app */;
			productType = "com.apple.product-type.application";
		};
/* End PBXNativeTarget section */

/* Begin PBXProject section */
		128D155F280FE47E003FF480 /* Project object */ = {
			isa = PBXProject;
			attributes = {
				BuildIndependentTargetsInParallel = 1;
				LastSwiftUpdateCheck = 1330;
				LastUpgradeCheck = 1340;
				TargetAttributes = {
					128D1566280FE47E003FF480 = {
						CreatedOnToolsVersion = 13.3;
					};
				};
			};
			buildConfigurationList = 128D1562280FE47E003FF480 /* Build configuration list for PBXProject "PlainShogi" */;
			compatibilityVersion = "Xcode 13.0";
			developmentRegion = en;
			hasScannedForEncodings = 0;
			knownRegions = (
				en,
				Base,
				ja,
			);
			mainGroup = 128D155E280FE47E003FF480;
			productRefGroup = 128D1568280FE47E003FF480 /* Products */;
			projectDirPath = "";
			projectRoot = "";
			targets = (
				128D1566280FE47E003FF480 /* PlainShogi */,
			);
		};
/* End PBXProject section */

/* Begin PBXResourcesBuildPhase section */
		128D1565280FE47E003FF480 /* Resources */ = {
			isa = PBXResourcesBuildPhase;
			buildActionMask = 2147483647;
			files = (
				F5951A2028ADEEBC00516538 /* Launch Screen.storyboard in Resources */,
				128D1572280FE47F003FF480 /* Preview Assets.xcassets in Resources */,
				F5BBD8652973AA720034CCB8 /* 🌏AppStoreDescription.strings in Resources */,
				12D436A42865CD8400B707F5 /* Configuration.storekit in Resources */,
				124B75552810CD6D00027DCA /* Localizable.strings in Resources */,
				F5BBD8692973AA7B0034CCB8 /* 🌏VersionDescription.strings in Resources */,
				128D156F280FE47F003FF480 /* Assets.xcassets in Resources */,
				12A925212866AA6C0035DC83 /* InfoPlist.strings in Resources */,
			);
			runOnlyForDeploymentPostprocessing = 0;
		};
/* End PBXResourcesBuildPhase section */

/* Begin PBXSourcesBuildPhase section */
		128D1563280FE47E003FF480 /* Sources */ = {
			isa = PBXSourcesBuildPhase;
			buildActionMask = 2147483647;
			files = (
				F5BBD85C2973A68E0034CCB8 /* 🛒InAppPurchase.swift in Sources */,
				128D156D280FE47E003FF480 /* ContentView.swift in Sources */,
				F5BBD8602973A7260034CCB8 /* 📣ADContent.swift in Sources */,
				F52437AF29F6125A00EA770E /* 🗄️Rest.swift in Sources */,
				F5BBD85E2973A68E0034CCB8 /* 📣AD.swift in Sources */,
				F52437B329F613A600EA770E /* 💥Feedback.swift in Sources */,
				128D156B280FE47E003FF480 /* Plain将棋盤App.swift in Sources */,
				126C18F32816460F002CD046 /* ☖PieceType.swift in Sources */,
				128D1579280FE4E4003FF480 /* 📱AppModel.swift in Sources */,
				F54C93D7295D2DE6008D1D60 /* 📃TextImportExport.swift in Sources */,
				12D424422871893D002D3E80 /* 📬DropDelegate.swift in Sources */,
				F5BBD85D2973A68E0034CCB8 /* ℹ️AboutAppMenu.swift in Sources */,
				F5C9FAFF296CF7BB00B513D8 /* 📜History.swift in Sources */,
				F5C9FB02296D0A3100B513D8 /* 👥SharePlay.swift in Sources */,
				127132E82873CDF20008AE46 /* 🖼SubView.swift in Sources */,
				12F4444E286D4B580008A663 /* 🛠AppMenu.swift in Sources */,
				F5019FD1296ABB4E007CB14D /* 💾DataManage_ver_1_2_2.swift in Sources */,
			);
			runOnlyForDeploymentPostprocessing = 0;
		};
/* End PBXSourcesBuildPhase section */

/* Begin PBXVariantGroup section */
		124B75572810CD6D00027DCA /* Localizable.strings */ = {
			isa = PBXVariantGroup;
			children = (
				124B75562810CD6D00027DCA /* en */,
				124B75582810CD8100027DCA /* ja */,
			);
			name = Localizable.strings;
			sourceTree = "<group>";
		};
		12A925232866AA6C0035DC83 /* InfoPlist.strings */ = {
			isa = PBXVariantGroup;
			children = (
				12A925222866AA6C0035DC83 /* en */,
				12A925242866AA6F0035DC83 /* ja */,
			);
			name = InfoPlist.strings;
			sourceTree = "<group>";
		};
		F5BBD8672973AA720034CCB8 /* 🌏AppStoreDescription.strings */ = {
			isa = PBXVariantGroup;
			children = (
				F5BBD8662973AA720034CCB8 /* en */,
				F5BBD8682973AA760034CCB8 /* ja */,
			);
			name = "🌏AppStoreDescription.strings";
			sourceTree = "<group>";
		};
		F5BBD86B2973AA7B0034CCB8 /* 🌏VersionDescription.strings */ = {
			isa = PBXVariantGroup;
			children = (
				F5BBD86A2973AA7B0034CCB8 /* en */,
				F5BBD86C2973AA7E0034CCB8 /* ja */,
			);
			name = "🌏VersionDescription.strings";
			sourceTree = "<group>";
		};
/* End PBXVariantGroup section */

/* Begin XCBuildConfiguration section */
		128D1573280FE47F003FF480 /* Debug */ = {
			isa = XCBuildConfiguration;
			buildSettings = {
				ALWAYS_SEARCH_USER_PATHS = NO;
				CLANG_ANALYZER_LOCALIZABILITY_NONLOCALIZED = YES;
				CLANG_ANALYZER_NONNULL = YES;
				CLANG_ANALYZER_NUMBER_OBJECT_CONVERSION = YES_AGGRESSIVE;
				CLANG_CXX_LANGUAGE_STANDARD = "gnu++17";
				CLANG_ENABLE_MODULES = YES;
				CLANG_ENABLE_OBJC_ARC = YES;
				CLANG_ENABLE_OBJC_WEAK = YES;
				CLANG_WARN_BLOCK_CAPTURE_AUTORELEASING = YES;
				CLANG_WARN_BOOL_CONVERSION = YES;
				CLANG_WARN_COMMA = YES;
				CLANG_WARN_CONSTANT_CONVERSION = YES;
				CLANG_WARN_DEPRECATED_OBJC_IMPLEMENTATIONS = YES;
				CLANG_WARN_DIRECT_OBJC_ISA_USAGE = YES_ERROR;
				CLANG_WARN_DOCUMENTATION_COMMENTS = YES;
				CLANG_WARN_EMPTY_BODY = YES;
				CLANG_WARN_ENUM_CONVERSION = YES;
				CLANG_WARN_INFINITE_RECURSION = YES;
				CLANG_WARN_INT_CONVERSION = YES;
				CLANG_WARN_NON_LITERAL_NULL_CONVERSION = YES;
				CLANG_WARN_OBJC_IMPLICIT_RETAIN_SELF = YES;
				CLANG_WARN_OBJC_LITERAL_CONVERSION = YES;
				CLANG_WARN_OBJC_ROOT_CLASS = YES_ERROR;
				CLANG_WARN_QUOTED_INCLUDE_IN_FRAMEWORK_HEADER = YES;
				CLANG_WARN_RANGE_LOOP_ANALYSIS = YES;
				CLANG_WARN_STRICT_PROTOTYPES = YES;
				CLANG_WARN_SUSPICIOUS_MOVE = YES;
				CLANG_WARN_UNGUARDED_AVAILABILITY = YES_AGGRESSIVE;
				CLANG_WARN_UNREACHABLE_CODE = YES;
				CLANG_WARN__DUPLICATE_METHOD_MATCH = YES;
				COPY_PHASE_STRIP = NO;
				DEBUG_INFORMATION_FORMAT = dwarf;
				ENABLE_STRICT_OBJC_MSGSEND = YES;
				ENABLE_TESTABILITY = YES;
				GCC_C_LANGUAGE_STANDARD = gnu11;
				GCC_DYNAMIC_NO_PIC = NO;
				GCC_NO_COMMON_BLOCKS = YES;
				GCC_OPTIMIZATION_LEVEL = 0;
				GCC_PREPROCESSOR_DEFINITIONS = (
					"DEBUG=1",
					"$(inherited)",
				);
				GCC_WARN_64_TO_32_BIT_CONVERSION = YES;
				GCC_WARN_ABOUT_RETURN_TYPE = YES_ERROR;
				GCC_WARN_UNDECLARED_SELECTOR = YES;
				GCC_WARN_UNINITIALIZED_AUTOS = YES_AGGRESSIVE;
				GCC_WARN_UNUSED_FUNCTION = YES;
				GCC_WARN_UNUSED_VARIABLE = YES;
				IPHONEOS_DEPLOYMENT_TARGET = 15.4;
				MTL_ENABLE_DEBUG_INFO = INCLUDE_SOURCE;
				MTL_FAST_MATH = YES;
				ONLY_ACTIVE_ARCH = YES;
				SDKROOT = iphoneos;
				SWIFT_ACTIVE_COMPILATION_CONDITIONS = DEBUG;
				SWIFT_OPTIMIZATION_LEVEL = "-Onone";
			};
			name = Debug;
		};
		128D1574280FE47F003FF480 /* Release */ = {
			isa = XCBuildConfiguration;
			buildSettings = {
				ALWAYS_SEARCH_USER_PATHS = NO;
				CLANG_ANALYZER_LOCALIZABILITY_NONLOCALIZED = YES;
				CLANG_ANALYZER_NONNULL = YES;
				CLANG_ANALYZER_NUMBER_OBJECT_CONVERSION = YES_AGGRESSIVE;
				CLANG_CXX_LANGUAGE_STANDARD = "gnu++17";
				CLANG_ENABLE_MODULES = YES;
				CLANG_ENABLE_OBJC_ARC = YES;
				CLANG_ENABLE_OBJC_WEAK = YES;
				CLANG_WARN_BLOCK_CAPTURE_AUTORELEASING = YES;
				CLANG_WARN_BOOL_CONVERSION = YES;
				CLANG_WARN_COMMA = YES;
				CLANG_WARN_CONSTANT_CONVERSION = YES;
				CLANG_WARN_DEPRECATED_OBJC_IMPLEMENTATIONS = YES;
				CLANG_WARN_DIRECT_OBJC_ISA_USAGE = YES_ERROR;
				CLANG_WARN_DOCUMENTATION_COMMENTS = YES;
				CLANG_WARN_EMPTY_BODY = YES;
				CLANG_WARN_ENUM_CONVERSION = YES;
				CLANG_WARN_INFINITE_RECURSION = YES;
				CLANG_WARN_INT_CONVERSION = YES;
				CLANG_WARN_NON_LITERAL_NULL_CONVERSION = YES;
				CLANG_WARN_OBJC_IMPLICIT_RETAIN_SELF = YES;
				CLANG_WARN_OBJC_LITERAL_CONVERSION = YES;
				CLANG_WARN_OBJC_ROOT_CLASS = YES_ERROR;
				CLANG_WARN_QUOTED_INCLUDE_IN_FRAMEWORK_HEADER = YES;
				CLANG_WARN_RANGE_LOOP_ANALYSIS = YES;
				CLANG_WARN_STRICT_PROTOTYPES = YES;
				CLANG_WARN_SUSPICIOUS_MOVE = YES;
				CLANG_WARN_UNGUARDED_AVAILABILITY = YES_AGGRESSIVE;
				CLANG_WARN_UNREACHABLE_CODE = YES;
				CLANG_WARN__DUPLICATE_METHOD_MATCH = YES;
				COPY_PHASE_STRIP = NO;
				DEBUG_INFORMATION_FORMAT = "dwarf-with-dsym";
				ENABLE_NS_ASSERTIONS = NO;
				ENABLE_STRICT_OBJC_MSGSEND = YES;
				GCC_C_LANGUAGE_STANDARD = gnu11;
				GCC_NO_COMMON_BLOCKS = YES;
				GCC_WARN_64_TO_32_BIT_CONVERSION = YES;
				GCC_WARN_ABOUT_RETURN_TYPE = YES_ERROR;
				GCC_WARN_UNDECLARED_SELECTOR = YES;
				GCC_WARN_UNINITIALIZED_AUTOS = YES_AGGRESSIVE;
				GCC_WARN_UNUSED_FUNCTION = YES;
				GCC_WARN_UNUSED_VARIABLE = YES;
				IPHONEOS_DEPLOYMENT_TARGET = 15.4;
				MTL_ENABLE_DEBUG_INFO = NO;
				MTL_FAST_MATH = YES;
				SDKROOT = iphoneos;
				SWIFT_COMPILATION_MODE = wholemodule;
				SWIFT_OPTIMIZATION_LEVEL = "-O";
				VALIDATE_PRODUCT = YES;
			};
			name = Release;
		};
		128D1576280FE47F003FF480 /* Debug */ = {
			isa = XCBuildConfiguration;
			buildSettings = {
				ASSETCATALOG_COMPILER_APPICON_NAME = AppIcon;
				ASSETCATALOG_COMPILER_GLOBAL_ACCENT_COLOR_NAME = AccentColor;
				CODE_SIGN_ENTITLEMENTS = "PlainShogi/🧩Sub/PlainShogi.entitlements";
				CODE_SIGN_STYLE = Automatic;
				CURRENT_PROJECT_VERSION = 7;
				DEVELOPMENT_ASSET_PATHS = "PlainShogi/🧩Sub/Preview\\ Content";
				DEVELOPMENT_TEAM = 6696GEY228;
				ENABLE_PREVIEWS = YES;
				GENERATE_INFOPLIST_FILE = YES;
				INFOPLIST_FILE = "PlainShogi/🧩Sub/Info.plist";
				INFOPLIST_KEY_UIApplicationSupportsIndirectInputEvents = YES;
				INFOPLIST_KEY_UILaunchScreen_Generation = YES;
				INFOPLIST_KEY_UILaunchStoryboardName = "Launch Screen";
				INFOPLIST_KEY_UIStatusBarHidden = NO;
				INFOPLIST_KEY_UISupportedInterfaceOrientations_iPad = "UIInterfaceOrientationPortrait UIInterfaceOrientationPortraitUpsideDown UIInterfaceOrientationLandscapeLeft UIInterfaceOrientationLandscapeRight";
				INFOPLIST_KEY_UISupportedInterfaceOrientations_iPhone = "UIInterfaceOrientationPortrait UIInterfaceOrientationLandscapeLeft UIInterfaceOrientationLandscapeRight";
				LD_RUNPATH_SEARCH_PATHS = (
					"$(inherited)",
					"@executable_path/Frameworks",
				);
				MARKETING_VERSION = 1.3;
				PRODUCT_BUNDLE_IDENTIFIER = net.aaaakkkkssssttttnnnn.PlainShougi;
				PRODUCT_NAME = "将棋盤";
				SWIFT_EMIT_LOC_STRINGS = YES;
				SWIFT_VERSION = 5.0;
				TARGETED_DEVICE_FAMILY = "1,2";
			};
			name = Debug;
		};
		128D1577280FE47F003FF480 /* Release */ = {
			isa = XCBuildConfiguration;
			buildSettings = {
				ASSETCATALOG_COMPILER_APPICON_NAME = AppIcon;
				ASSETCATALOG_COMPILER_GLOBAL_ACCENT_COLOR_NAME = AccentColor;
				CODE_SIGN_ENTITLEMENTS = "PlainShogi/🧩Sub/PlainShogi.entitlements";
				CODE_SIGN_STYLE = Automatic;
				CURRENT_PROJECT_VERSION = 7;
				DEVELOPMENT_ASSET_PATHS = "PlainShogi/🧩Sub/Preview\\ Content";
				DEVELOPMENT_TEAM = 6696GEY228;
				ENABLE_PREVIEWS = YES;
				GENERATE_INFOPLIST_FILE = YES;
				INFOPLIST_FILE = "PlainShogi/🧩Sub/Info.plist";
				INFOPLIST_KEY_UIApplicationSupportsIndirectInputEvents = YES;
				INFOPLIST_KEY_UILaunchScreen_Generation = YES;
				INFOPLIST_KEY_UILaunchStoryboardName = "Launch Screen";
				INFOPLIST_KEY_UIStatusBarHidden = NO;
				INFOPLIST_KEY_UISupportedInterfaceOrientations_iPad = "UIInterfaceOrientationPortrait UIInterfaceOrientationPortraitUpsideDown UIInterfaceOrientationLandscapeLeft UIInterfaceOrientationLandscapeRight";
				INFOPLIST_KEY_UISupportedInterfaceOrientations_iPhone = "UIInterfaceOrientationPortrait UIInterfaceOrientationLandscapeLeft UIInterfaceOrientationLandscapeRight";
				LD_RUNPATH_SEARCH_PATHS = (
					"$(inherited)",
					"@executable_path/Frameworks",
				);
				MARKETING_VERSION = 1.3;
				PRODUCT_BUNDLE_IDENTIFIER = net.aaaakkkkssssttttnnnn.PlainShougi;
				PRODUCT_NAME = "将棋盤";
				SWIFT_EMIT_LOC_STRINGS = YES;
				SWIFT_VERSION = 5.0;
				TARGETED_DEVICE_FAMILY = "1,2";
			};
			name = Release;
		};
/* End XCBuildConfiguration section */

/* Begin XCConfigurationList section */
		128D1562280FE47E003FF480 /* Build configuration list for PBXProject "PlainShogi" */ = {
			isa = XCConfigurationList;
			buildConfigurations = (
				128D1573280FE47F003FF480 /* Debug */,
				128D1574280FE47F003FF480 /* Release */,
			);
			defaultConfigurationIsVisible = 0;
			defaultConfigurationName = Release;
		};
		128D1575280FE47F003FF480 /* Build configuration list for PBXNativeTarget "PlainShogi" */ = {
			isa = XCConfigurationList;
			buildConfigurations = (
				128D1576280FE47F003FF480 /* Debug */,
				128D1577280FE47F003FF480 /* Release */,
			);
			defaultConfigurationIsVisible = 0;
			defaultConfigurationName = Release;
		};
/* End XCConfigurationList section */
	};
	rootObject = 128D155F280FE47E003FF480 /* Project object */;
}
